// !$*UTF8*$!
{
	archiveVersion = 1;
	classes = {
	};
	objectVersion = 46;
	objects = {

/* Begin PBXBuildFile section */
		DE403ACD190A8A3E003D21F5 /* XYZSearchViewController.m in Sources */ = {isa = PBXBuildFile; fileRef = DE403ACC190A8A3E003D21F5 /* XYZSearchViewController.m */; };
		DEEF6AE819094F8A00A2CD8C /* Foundation.framework in Frameworks */ = {isa = PBXBuildFile; fileRef = DEEF6AE719094F8A00A2CD8C /* Foundation.framework */; };
		DEEF6AEA19094F8A00A2CD8C /* CoreGraphics.framework in Frameworks */ = {isa = PBXBuildFile; fileRef = DEEF6AE919094F8A00A2CD8C /* CoreGraphics.framework */; };
		DEEF6AEC19094F8A00A2CD8C /* UIKit.framework in Frameworks */ = {isa = PBXBuildFile; fileRef = DEEF6AEB19094F8A00A2CD8C /* UIKit.framework */; };
		DEEF6AF219094F8A00A2CD8C /* InfoPlist.strings in Resources */ = {isa = PBXBuildFile; fileRef = DEEF6AF019094F8A00A2CD8C /* InfoPlist.strings */; };
		DEEF6AF419094F8A00A2CD8C /* main.m in Sources */ = {isa = PBXBuildFile; fileRef = DEEF6AF319094F8A00A2CD8C /* main.m */; };
		DEEF6AF819094F8A00A2CD8C /* AppDelegate.m in Sources */ = {isa = PBXBuildFile; fileRef = DEEF6AF719094F8A00A2CD8C /* AppDelegate.m */; };
		DEEF6AFA19094F8A00A2CD8C /* Images.xcassets in Resources */ = {isa = PBXBuildFile; fileRef = DEEF6AF919094F8A00A2CD8C /* Images.xcassets */; };
		DEEF6B0119094F8B00A2CD8C /* XCTest.framework in Frameworks */ = {isa = PBXBuildFile; fileRef = DEEF6B0019094F8B00A2CD8C /* XCTest.framework */; };
		DEEF6B0219094F8B00A2CD8C /* Foundation.framework in Frameworks */ = {isa = PBXBuildFile; fileRef = DEEF6AE719094F8A00A2CD8C /* Foundation.framework */; };
		DEEF6B0319094F8B00A2CD8C /* UIKit.framework in Frameworks */ = {isa = PBXBuildFile; fileRef = DEEF6AEB19094F8A00A2CD8C /* UIKit.framework */; };
		DEEF6B0B19094F8B00A2CD8C /* InfoPlist.strings in Resources */ = {isa = PBXBuildFile; fileRef = DEEF6B0919094F8B00A2CD8C /* InfoPlist.strings */; };
		DEEF6B0D19094F8B00A2CD8C /* InLoggerTests.m in Sources */ = {isa = PBXBuildFile; fileRef = DEEF6B0C19094F8B00A2CD8C /* InLoggerTests.m */; };
		DEEF6B1719094FA000A2CD8C /* Main.storyboard in Resources */ = {isa = PBXBuildFile; fileRef = DEEF6B1619094FA000A2CD8C /* Main.storyboard */; };
		DEEF6B1B1909553C00A2CD8C /* XYZLogInViewController.m in Sources */ = {isa = PBXBuildFile; fileRef = DEEF6B191909553C00A2CD8C /* XYZLogInViewController.m */; };
		DEEF6B1C1909553C00A2CD8C /* XYZLogInViewController.xib in Resources */ = {isa = PBXBuildFile; fileRef = DEEF6B1A1909553C00A2CD8C /* XYZLogInViewController.xib */; };
		DEEF7CF6190A3D23005EDB8E /* XYZInLogger.m in Sources */ = {isa = PBXBuildFile; fileRef = DEEF7CF5190A3D23005EDB8E /* XYZInLogger.m */; };
		DEEF7D94190A55D1005EDB8E /* XYZTabViewController.m in Sources */ = {isa = PBXBuildFile; fileRef = DEEF7D92190A55D1005EDB8E /* XYZTabViewController.m */; };
		DEEF7D95190A55D1005EDB8E /* XYZTabViewController.xib in Resources */ = {isa = PBXBuildFile; fileRef = DEEF7D93190A55D1005EDB8E /* XYZTabViewController.xib */; };
/* End PBXBuildFile section */

/* Begin PBXContainerItemProxy section */
		DEEF6B0419094F8B00A2CD8C /* PBXContainerItemProxy */ = {
			isa = PBXContainerItemProxy;
			containerPortal = DEEF6ADC19094F8A00A2CD8C /* Project object */;
			proxyType = 1;
			remoteGlobalIDString = DEEF6AE319094F8A00A2CD8C;
			remoteInfo = InLogger;
		};
/* End PBXContainerItemProxy section */

/* Begin PBXFileReference section */
		DE403ACB190A8A3E003D21F5 /* XYZSearchViewController.h */ = {isa = PBXFileReference; fileEncoding = 4; lastKnownFileType = sourcecode.c.h; path = XYZSearchViewController.h; sourceTree = "<group>"; };
		DE403ACC190A8A3E003D21F5 /* XYZSearchViewController.m */ = {isa = PBXFileReference; fileEncoding = 4; lastKnownFileType = sourcecode.c.objc; path = XYZSearchViewController.m; sourceTree = "<group>"; };
		DEEF6AE419094F8A00A2CD8C /* InLogger.app */ = {isa = PBXFileReference; explicitFileType = wrapper.application; includeInIndex = 0; path = InLogger.app; sourceTree = BUILT_PRODUCTS_DIR; };
		DEEF6AE719094F8A00A2CD8C /* Foundation.framework */ = {isa = PBXFileReference; lastKnownFileType = wrapper.framework; name = Foundation.framework; path = System/Library/Frameworks/Foundation.framework; sourceTree = SDKROOT; };
		DEEF6AE919094F8A00A2CD8C /* CoreGraphics.framework */ = {isa = PBXFileReference; lastKnownFileType = wrapper.framework; name = CoreGraphics.framework; path = System/Library/Frameworks/CoreGraphics.framework; sourceTree = SDKROOT; };
		DEEF6AEB19094F8A00A2CD8C /* UIKit.framework */ = {isa = PBXFileReference; lastKnownFileType = wrapper.framework; name = UIKit.framework; path = System/Library/Frameworks/UIKit.framework; sourceTree = SDKROOT; };
		DEEF6AEF19094F8A00A2CD8C /* InLogger-Info.plist */ = {isa = PBXFileReference; lastKnownFileType = text.plist.xml; path = "InLogger-Info.plist"; sourceTree = "<group>"; };
		DEEF6AF119094F8A00A2CD8C /* en */ = {isa = PBXFileReference; lastKnownFileType = text.plist.strings; name = en; path = en.lproj/InfoPlist.strings; sourceTree = "<group>"; };
		DEEF6AF319094F8A00A2CD8C /* main.m */ = {isa = PBXFileReference; lastKnownFileType = sourcecode.c.objc; path = main.m; sourceTree = "<group>"; };
		DEEF6AF519094F8A00A2CD8C /* InLogger-Prefix.pch */ = {isa = PBXFileReference; lastKnownFileType = sourcecode.c.h; path = "InLogger-Prefix.pch"; sourceTree = "<group>"; };
		DEEF6AF619094F8A00A2CD8C /* AppDelegate.h */ = {isa = PBXFileReference; lastKnownFileType = sourcecode.c.h; path = AppDelegate.h; sourceTree = "<group>"; };
		DEEF6AF719094F8A00A2CD8C /* AppDelegate.m */ = {isa = PBXFileReference; lastKnownFileType = sourcecode.c.objc; path = AppDelegate.m; sourceTree = "<group>"; };
		DEEF6AF919094F8A00A2CD8C /* Images.xcassets */ = {isa = PBXFileReference; lastKnownFileType = folder.assetcatalog; path = Images.xcassets; sourceTree = "<group>"; };
		DEEF6AFF19094F8B00A2CD8C /* InLoggerTests.xctest */ = {isa = PBXFileReference; explicitFileType = wrapper.cfbundle; includeInIndex = 0; path = InLoggerTests.xctest; sourceTree = BUILT_PRODUCTS_DIR; };
		DEEF6B0019094F8B00A2CD8C /* XCTest.framework */ = {isa = PBXFileReference; lastKnownFileType = wrapper.framework; name = XCTest.framework; path = Library/Frameworks/XCTest.framework; sourceTree = DEVELOPER_DIR; };
		DEEF6B0819094F8B00A2CD8C /* InLoggerTests-Info.plist */ = {isa = PBXFileReference; lastKnownFileType = text.plist.xml; path = "InLoggerTests-Info.plist"; sourceTree = "<group>"; };
		DEEF6B0A19094F8B00A2CD8C /* en */ = {isa = PBXFileReference; lastKnownFileType = text.plist.strings; name = en; path = en.lproj/InfoPlist.strings; sourceTree = "<group>"; };
		DEEF6B0C19094F8B00A2CD8C /* InLoggerTests.m */ = {isa = PBXFileReference; lastKnownFileType = sourcecode.c.objc; path = InLoggerTests.m; sourceTree = "<group>"; };
		DEEF6B1619094FA000A2CD8C /* Main.storyboard */ = {isa = PBXFileReference; fileEncoding = 4; lastKnownFileType = file.storyboard; name = Main.storyboard; path = ../Main.storyboard; sourceTree = "<group>"; };
		DEEF6B181909553C00A2CD8C /* XYZLogInViewController.h */ = {isa = PBXFileReference; fileEncoding = 4; lastKnownFileType = sourcecode.c.h; path = XYZLogInViewController.h; sourceTree = "<group>"; };
		DEEF6B191909553C00A2CD8C /* XYZLogInViewController.m */ = {isa = PBXFileReference; fileEncoding = 4; lastKnownFileType = sourcecode.c.objc; path = XYZLogInViewController.m; sourceTree = "<group>"; };
		DEEF6B1A1909553C00A2CD8C /* XYZLogInViewController.xib */ = {isa = PBXFileReference; fileEncoding = 4; lastKnownFileType = file.xib; path = XYZLogInViewController.xib; sourceTree = "<group>"; };
		DEEF7CF4190A3D23005EDB8E /* XYZInLogger.h */ = {isa = PBXFileReference; fileEncoding = 4; lastKnownFileType = sourcecode.c.h; path = XYZInLogger.h; sourceTree = "<group>"; };
		DEEF7CF5190A3D23005EDB8E /* XYZInLogger.m */ = {isa = PBXFileReference; fileEncoding = 4; lastKnownFileType = sourcecode.c.objc; path = XYZInLogger.m; sourceTree = "<group>"; };
		DEEF7D91190A55D1005EDB8E /* XYZTabViewController.h */ = {isa = PBXFileReference; fileEncoding = 4; lastKnownFileType = sourcecode.c.h; name = XYZTabViewController.h; path = ../XYZTabViewController.h; sourceTree = "<group>"; };
		DEEF7D92190A55D1005EDB8E /* XYZTabViewController.m */ = {isa = PBXFileReference; fileEncoding = 4; lastKnownFileType = sourcecode.c.objc; name = XYZTabViewController.m; path = ../XYZTabViewController.m; sourceTree = "<group>"; };
		DEEF7D93190A55D1005EDB8E /* XYZTabViewController.xib */ = {isa = PBXFileReference; fileEncoding = 4; lastKnownFileType = file.xib; name = XYZTabViewController.xib; path = ../XYZTabViewController.xib; sourceTree = "<group>"; };
/* End PBXFileReference section */

/* Begin PBXFrameworksBuildPhase section */
		DEEF6AE119094F8A00A2CD8C /* Frameworks */ = {
			isa = PBXFrameworksBuildPhase;
			buildActionMask = 2147483647;
			files = (
				DEEF6AEA19094F8A00A2CD8C /* CoreGraphics.framework in Frameworks */,
				DEEF6AEC19094F8A00A2CD8C /* UIKit.framework in Frameworks */,
				DEEF6AE819094F8A00A2CD8C /* Foundation.framework in Frameworks */,
			);
			runOnlyForDeploymentPostprocessing = 0;
		};
		DEEF6AFC19094F8B00A2CD8C /* Frameworks */ = {
			isa = PBXFrameworksBuildPhase;
			buildActionMask = 2147483647;
			files = (
				DEEF6B0119094F8B00A2CD8C /* XCTest.framework in Frameworks */,
				DEEF6B0319094F8B00A2CD8C /* UIKit.framework in Frameworks */,
				DEEF6B0219094F8B00A2CD8C /* Foundation.framework in Frameworks */,
			);
			runOnlyForDeploymentPostprocessing = 0;
		};
/* End PBXFrameworksBuildPhase section */

/* Begin PBXGroup section */
		DEEF6ADB19094F8A00A2CD8C = {
			isa = PBXGroup;
			children = (
				DEEF6AED19094F8A00A2CD8C /* InLogger */,
				DEEF6B0619094F8B00A2CD8C /* InLoggerTests */,
				DEEF6AE619094F8A00A2CD8C /* Frameworks */,
				DEEF6AE519094F8A00A2CD8C /* Products */,
			);
			sourceTree = "<group>";
		};
		DEEF6AE519094F8A00A2CD8C /* Products */ = {
			isa = PBXGroup;
			children = (
				DEEF6AE419094F8A00A2CD8C /* InLogger.app */,
				DEEF6AFF19094F8B00A2CD8C /* InLoggerTests.xctest */,
			);
			name = Products;
			sourceTree = "<group>";
		};
		DEEF6AE619094F8A00A2CD8C /* Frameworks */ = {
			isa = PBXGroup;
			children = (
				DEEF6AE719094F8A00A2CD8C /* Foundation.framework */,
				DEEF6AE919094F8A00A2CD8C /* CoreGraphics.framework */,
				DEEF6AEB19094F8A00A2CD8C /* UIKit.framework */,
				DEEF6B0019094F8B00A2CD8C /* XCTest.framework */,
			);
			name = Frameworks;
			sourceTree = "<group>";
		};
		DEEF6AED19094F8A00A2CD8C /* InLogger */ = {
			isa = PBXGroup;
			children = (
				DEEF7D91190A55D1005EDB8E /* XYZTabViewController.h */,
				DEEF7D92190A55D1005EDB8E /* XYZTabViewController.m */,
				DEEF7D93190A55D1005EDB8E /* XYZTabViewController.xib */,
				DEEF6B1619094FA000A2CD8C /* Main.storyboard */,
				DEEF7CF4190A3D23005EDB8E /* XYZInLogger.h */,
				DEEF7CF5190A3D23005EDB8E /* XYZInLogger.m */,
				DEEF6AF619094F8A00A2CD8C /* AppDelegate.h */,
				DEEF6AF719094F8A00A2CD8C /* AppDelegate.m */,
				DEEF6AF919094F8A00A2CD8C /* Images.xcassets */,
				DEEF6AEE19094F8A00A2CD8C /* Supporting Files */,
				DEEF6B181909553C00A2CD8C /* XYZLogInViewController.h */,
				DEEF6B191909553C00A2CD8C /* XYZLogInViewController.m */,
				DEEF6B1A1909553C00A2CD8C /* XYZLogInViewController.xib */,
				DE403ACB190A8A3E003D21F5 /* XYZSearchViewController.h */,
				DE403ACC190A8A3E003D21F5 /* XYZSearchViewController.m */,
			);
			path = InLogger;
			sourceTree = "<group>";
		};
		DEEF6AEE19094F8A00A2CD8C /* Supporting Files */ = {
			isa = PBXGroup;
			children = (
				DEEF6AEF19094F8A00A2CD8C /* InLogger-Info.plist */,
				DEEF6AF019094F8A00A2CD8C /* InfoPlist.strings */,
				DEEF6AF319094F8A00A2CD8C /* main.m */,
				DEEF6AF519094F8A00A2CD8C /* InLogger-Prefix.pch */,
			);
			name = "Supporting Files";
			sourceTree = "<group>";
		};
		DEEF6B0619094F8B00A2CD8C /* InLoggerTests */ = {
			isa = PBXGroup;
			children = (
				DEEF6B0C19094F8B00A2CD8C /* InLoggerTests.m */,
				DEEF6B0719094F8B00A2CD8C /* Supporting Files */,
			);
			path = InLoggerTests;
			sourceTree = "<group>";
		};
		DEEF6B0719094F8B00A2CD8C /* Supporting Files */ = {
			isa = PBXGroup;
			children = (
				DEEF6B0819094F8B00A2CD8C /* InLoggerTests-Info.plist */,
				DEEF6B0919094F8B00A2CD8C /* InfoPlist.strings */,
			);
			name = "Supporting Files";
			sourceTree = "<group>";
		};
/* End PBXGroup section */

/* Begin PBXNativeTarget section */
		DEEF6AE319094F8A00A2CD8C /* InLogger */ = {
			isa = PBXNativeTarget;
			buildConfigurationList = DEEF6B1019094F8B00A2CD8C /* Build configuration list for PBXNativeTarget "InLogger" */;
			buildPhases = (
				DEEF6AE019094F8A00A2CD8C /* Sources */,
				DEEF6AE119094F8A00A2CD8C /* Frameworks */,
				DEEF6AE219094F8A00A2CD8C /* Resources */,
			);
			buildRules = (
			);
			dependencies = (
			);
			name = InLogger;
			productName = InLogger;
			productReference = DEEF6AE419094F8A00A2CD8C /* InLogger.app */;
			productType = "com.apple.product-type.application";
		};
		DEEF6AFE19094F8B00A2CD8C /* InLoggerTests */ = {
			isa = PBXNativeTarget;
			buildConfigurationList = DEEF6B1319094F8B00A2CD8C /* Build configuration list for PBXNativeTarget "InLoggerTests" */;
			buildPhases = (
				DEEF6AFB19094F8B00A2CD8C /* Sources */,
				DEEF6AFC19094F8B00A2CD8C /* Frameworks */,
				DEEF6AFD19094F8B00A2CD8C /* Resources */,
			);
			buildRules = (
			);
			dependencies = (
				DEEF6B0519094F8B00A2CD8C /* PBXTargetDependency */,
			);
			name = InLoggerTests;
			productName = InLoggerTests;
			productReference = DEEF6AFF19094F8B00A2CD8C /* InLoggerTests.xctest */;
			productType = "com.apple.product-type.bundle.unit-test";
		};
/* End PBXNativeTarget section */

/* Begin PBXProject section */
		DEEF6ADC19094F8A00A2CD8C /* Project object */ = {
			isa = PBXProject;
			attributes = {
				LastUpgradeCheck = 0510;
				ORGANIZATIONNAME = "___FULLUSERNAME___";
				TargetAttributes = {
					DEEF6AFE19094F8B00A2CD8C = {
						TestTargetID = DEEF6AE319094F8A00A2CD8C;
					};
				};
			};
			buildConfigurationList = DEEF6ADF19094F8A00A2CD8C /* Build configuration list for PBXProject "InLogger" */;
			compatibilityVersion = "Xcode 3.2";
			developmentRegion = English;
			hasScannedForEncodings = 0;
			knownRegions = (
				en,
			);
			mainGroup = DEEF6ADB19094F8A00A2CD8C;
			productRefGroup = DEEF6AE519094F8A00A2CD8C /* Products */;
			projectDirPath = "";
			projectRoot = "";
			targets = (
				DEEF6AE319094F8A00A2CD8C /* InLogger */,
				DEEF6AFE19094F8B00A2CD8C /* InLoggerTests */,
			);
		};
/* End PBXProject section */

/* Begin PBXResourcesBuildPhase section */
		DEEF6AE219094F8A00A2CD8C /* Resources */ = {
			isa = PBXResourcesBuildPhase;
			buildActionMask = 2147483647;
			files = (
				DEEF7D95190A55D1005EDB8E /* XYZTabViewController.xib in Resources */,
				DEEF6B1719094FA000A2CD8C /* Main.storyboard in Resources */,
				DEEF6AF219094F8A00A2CD8C /* InfoPlist.strings in Resources */,
				DEEF6B1C1909553C00A2CD8C /* XYZLogInViewController.xib in Resources */,
				DEEF6AFA19094F8A00A2CD8C /* Images.xcassets in Resources */,
			);
			runOnlyForDeploymentPostprocessing = 0;
		};
		DEEF6AFD19094F8B00A2CD8C /* Resources */ = {
			isa = PBXResourcesBuildPhase;
			buildActionMask = 2147483647;
			files = (
				DEEF6B0B19094F8B00A2CD8C /* InfoPlist.strings in Resources */,
			);
			runOnlyForDeploymentPostprocessing = 0;
		};
/* End PBXResourcesBuildPhase section */

/* Begin PBXSourcesBuildPhase section */
		DEEF6AE019094F8A00A2CD8C /* Sources */ = {
			isa = PBXSourcesBuildPhase;
			buildActionMask = 2147483647;
			files = (
				DE403ACD190A8A3E003D21F5 /* XYZSearchViewController.m in Sources */,
				DEEF7D94190A55D1005EDB8E /* XYZTabViewController.m in Sources */,
				DEEF6AF819094F8A00A2CD8C /* AppDelegate.m in Sources */,
				DEEF6AF419094F8A00A2CD8C /* main.m in Sources */,
				DEEF7CF6190A3D23005EDB8E /* XYZInLogger.m in Sources */,
				DEEF6B1B1909553C00A2CD8C /* XYZLogInViewController.m in Sources */,
			);
			runOnlyForDeploymentPostprocessing = 0;
		};
		DEEF6AFB19094F8B00A2CD8C /* Sources */ = {
			isa = PBXSourcesBuildPhase;
			buildActionMask = 2147483647;
			files = (
				DEEF6B0D19094F8B00A2CD8C /* InLoggerTests.m in Sources */,
			);
			runOnlyForDeploymentPostprocessing = 0;
		};
/* End PBXSourcesBuildPhase section */

/* Begin PBXTargetDependency section */
		DEEF6B0519094F8B00A2CD8C /* PBXTargetDependency */ = {
			isa = PBXTargetDependency;
			target = DEEF6AE319094F8A00A2CD8C /* InLogger */;
			targetProxy = DEEF6B0419094F8B00A2CD8C /* PBXContainerItemProxy */;
		};
/* End PBXTargetDependency section */

/* Begin PBXVariantGroup section */
		DEEF6AF019094F8A00A2CD8C /* InfoPlist.strings */ = {
			isa = PBXVariantGroup;
			children = (
				DEEF6AF119094F8A00A2CD8C /* en */,
			);
			name = InfoPlist.strings;
			sourceTree = "<group>";
		};
		DEEF6B0919094F8B00A2CD8C /* InfoPlist.strings */ = {
			isa = PBXVariantGroup;
			children = (
				DEEF6B0A19094F8B00A2CD8C /* en */,
			);
			name = InfoPlist.strings;
			sourceTree = "<group>";
		};
/* End PBXVariantGroup section */

/* Begin XCBuildConfiguration section */
		DEEF6B0E19094F8B00A2CD8C /* Debug */ = {
			isa = XCBuildConfiguration;
			buildSettings = {
				ALWAYS_SEARCH_USER_PATHS = NO;
				CLANG_CXX_LANGUAGE_STANDARD = "gnu++0x";
				CLANG_CXX_LIBRARY = "libc++";
				CLANG_ENABLE_MODULES = YES;
				CLANG_ENABLE_OBJC_ARC = YES;
				CLANG_WARN_BOOL_CONVERSION = YES;
				CLANG_WARN_CONSTANT_CONVERSION = YES;
				CLANG_WARN_DIRECT_OBJC_ISA_USAGE = YES_ERROR;
				CLANG_WARN_EMPTY_BODY = YES;
				CLANG_WARN_ENUM_CONVERSION = YES;
				CLANG_WARN_INT_CONVERSION = YES;
				CLANG_WARN_OBJC_ROOT_CLASS = YES_ERROR;
				CLANG_WARN__DUPLICATE_METHOD_MATCH = YES;
				"CODE_SIGN_IDENTITY[sdk=iphoneos*]" = "iPhone Developer";
				COPY_PHASE_STRIP = NO;
				GCC_C_LANGUAGE_STANDARD = gnu99;
				GCC_DYNAMIC_NO_PIC = NO;
				GCC_OPTIMIZATION_LEVEL = 0;
				GCC_PREPROCESSOR_DEFINITIONS = (
					"DEBUG=1",
					"$(inherited)",
				);
				GCC_SYMBOLS_PRIVATE_EXTERN = NO;
				GCC_WARN_64_TO_32_BIT_CONVERSION = YES;
				GCC_WARN_ABOUT_RETURN_TYPE = YES_ERROR;
				GCC_WARN_UNDECLARED_SELECTOR = YES;
				GCC_WARN_UNINITIALIZED_AUTOS = YES_AGGRESSIVE;
				GCC_WARN_UNUSED_FUNCTION = YES;
				GCC_WARN_UNUSED_VARIABLE = YES;
				IPHONEOS_DEPLOYMENT_TARGET = 7.1;
				ONLY_ACTIVE_ARCH = YES;
				SDKROOT = iphoneos;
			};
			name = Debug;
		};
		DEEF6B0F19094F8B00A2CD8C /* Release */ = {
			isa = XCBuildConfiguration;
			buildSettings = {
				ALWAYS_SEARCH_USER_PATHS = NO;
				CLANG_CXX_LANGUAGE_STANDARD = "gnu++0x";
				CLANG_CXX_LIBRARY = "libc++";
				CLANG_ENABLE_MODULES = YES;
				CLANG_ENABLE_OBJC_ARC = YES;
				CLANG_WARN_BOOL_CONVERSION = YES;
				CLANG_WARN_CONSTANT_CONVERSION = YES;
				CLANG_WARN_DIRECT_OBJC_ISA_USAGE = YES_ERROR;
				CLANG_WARN_EMPTY_BODY = YES;
				CLANG_WARN_ENUM_CONVERSION = YES;
				CLANG_WARN_INT_CONVERSION = YES;
				CLANG_WARN_OBJC_ROOT_CLASS = YES_ERROR;
				CLANG_WARN__DUPLICATE_METHOD_MATCH = YES;
				"CODE_SIGN_IDENTITY[sdk=iphoneos*]" = "iPhone Developer";
				COPY_PHASE_STRIP = YES;
				ENABLE_NS_ASSERTIONS = NO;
				GCC_C_LANGUAGE_STANDARD = gnu99;
				GCC_WARN_64_TO_32_BIT_CONVERSION = YES;
				GCC_WARN_ABOUT_RETURN_TYPE = YES_ERROR;
				GCC_WARN_UNDECLARED_SELECTOR = YES;
				GCC_WARN_UNINITIALIZED_AUTOS = YES_AGGRESSIVE;
				GCC_WARN_UNUSED_FUNCTION = YES;
				GCC_WARN_UNUSED_VARIABLE = YES;
				IPHONEOS_DEPLOYMENT_TARGET = 7.1;
				SDKROOT = iphoneos;
				VALIDATE_PRODUCT = YES;
			};
			name = Release;
		};
		DEEF6B1119094F8B00A2CD8C /* Debug */ = {
			isa = XCBuildConfiguration;
			buildSettings = {
				ASSETCATALOG_COMPILER_APPICON_NAME = AppIcon;
				ASSETCATALOG_COMPILER_LAUNCHIMAGE_NAME = LaunchImage;
				GCC_PRECOMPILE_PREFIX_HEADER = YES;
				GCC_PREFIX_HEADER = "InLogger/InLogger-Prefix.pch";
				INFOPLIST_FILE = "InLogger/InLogger-Info.plist";
				PRODUCT_NAME = "$(TARGET_NAME)";
				WRAPPER_EXTENSION = app;
			};
			name = Debug;
		};
		DEEF6B1219094F8B00A2CD8C /* Release */ = {
			isa = XCBuildConfiguration;
			buildSettings = {
				ASSETCATALOG_COMPILER_APPICON_NAME = AppIcon;
				ASSETCATALOG_COMPILER_LAUNCHIMAGE_NAME = LaunchImage;
				GCC_PRECOMPILE_PREFIX_HEADER = YES;
				GCC_PREFIX_HEADER = "InLogger/InLogger-Prefix.pch";
				INFOPLIST_FILE = "InLogger/InLogger-Info.plist";
				PRODUCT_NAME = "$(TARGET_NAME)";
				WRAPPER_EXTENSION = app;
			};
			name = Release;
		};
		DEEF6B1419094F8B00A2CD8C /* Debug */ = {
			isa = XCBuildConfiguration;
			buildSettings = {
				BUNDLE_LOADER = "$(BUILT_PRODUCTS_DIR)/InLogger.app/InLogger";
				FRAMEWORK_SEARCH_PATHS = (
					"$(SDKROOT)/Developer/Library/Frameworks",
					"$(inherited)",
					"$(DEVELOPER_FRAMEWORKS_DIR)",
				);
				GCC_PRECOMPILE_PREFIX_HEADER = YES;
				GCC_PREFIX_HEADER = "InLogger/InLogger-Prefix.pch";
				GCC_PREPROCESSOR_DEFINITIONS = (
					"DEBUG=1",
					"$(inherited)",
				);
				INFOPLIST_FILE = "InLoggerTests/InLoggerTests-Info.plist";
				PRODUCT_NAME = "$(TARGET_NAME)";
				TEST_HOST = "$(BUNDLE_LOADER)";
				WRAPPER_EXTENSION = xctest;
			};
			name = Debug;
		};
		DEEF6B1519094F8B00A2CD8C /* Release */ = {
			isa = XCBuildConfiguration;
			buildSettings = {
				BUNDLE_LOADER = "$(BUILT_PRODUCTS_DIR)/InLogger.app/InLogger";
				FRAMEWORK_SEARCH_PATHS = (
					"$(SDKROOT)/Developer/Library/Frameworks",
					"$(inherited)",
					"$(DEVELOPER_FRAMEWORKS_DIR)",
				);
				GCC_PRECOMPILE_PREFIX_HEADER = YES;
				GCC_PREFIX_HEADER = "InLogger/InLogger-Prefix.pch";
				INFOPLIST_FILE = "InLoggerTests/InLoggerTests-Info.plist";
				PRODUCT_NAME = "$(TARGET_NAME)";
				TEST_HOST = "$(BUNDLE_LOADER)";
				WRAPPER_EXTENSION = xctest;
			};
			name = Release;
		};
/* End XCBuildConfiguration section */

/* Begin XCConfigurationList section */
		DEEF6ADF19094F8A00A2CD8C /* Build configuration list for PBXProject "InLogger" */ = {
			isa = XCConfigurationList;
			buildConfigurations = (
				DEEF6B0E19094F8B00A2CD8C /* Debug */,
				DEEF6B0F19094F8B00A2CD8C /* Release */,
			);
			defaultConfigurationIsVisible = 0;
			defaultConfigurationName = Release;
		};
		DEEF6B1019094F8B00A2CD8C /* Build configuration list for PBXNativeTarget "InLogger" */ = {
			isa = XCConfigurationList;
			buildConfigurations = (
				DEEF6B1119094F8B00A2CD8C /* Debug */,
				DEEF6B1219094F8B00A2CD8C /* Release */,
			);
			defaultConfigurationIsVisible = 0;
			defaultConfigurationName = Release;
		};
		DEEF6B1319094F8B00A2CD8C /* Build configuration list for PBXNativeTarget "InLoggerTests" */ = {
			isa = XCConfigurationList;
			buildConfigurations = (
				DEEF6B1419094F8B00A2CD8C /* Debug */,
				DEEF6B1519094F8B00A2CD8C /* Release */,
			);
			defaultConfigurationIsVisible = 0;
			defaultConfigurationName = Release;
		};
/* End XCConfigurationList section */
	};
	rootObject = DEEF6ADC19094F8A00A2CD8C /* Project object */;
}
