// !$*UTF8*$!
{
	archiveVersion = 1;
	classes = {
	};
	objectVersion = 47;
	objects = {

/* Begin PBXBuildFile section */
		1446F66B1AF790A100BBD3B0 /* ConvertFormatTableViewController.m in Sources */ = {isa = PBXBuildFile; fileRef = 1446F6691AF790A100BBD3B0 /* ConvertFormatTableViewController.m */; };
		14EC5A121AFA0541005EF4FB /* ConvertFormatTableViewCell.m in Sources */ = {isa = PBXBuildFile; fileRef = 14EC5A111AFA0541005EF4FB /* ConvertFormatTableViewCell.m */; };
		210BED2D1918D85000A8E690 /* TestJSONBuilderGetRequest.m in Sources */ = {isa = PBXBuildFile; fileRef = 210BED2C1918D85000A8E690 /* TestJSONBuilderGetRequest.m */; };
		210BED2F1918DCD500A8E690 /* TestJSONBuilderGetLogout.m in Sources */ = {isa = PBXBuildFile; fileRef = 210BED2E1918DCD500A8E690 /* TestJSONBuilderGetLogout.m */; };
		210BED331918E32900A8E690 /* TestJSONBuilderGetSearch.m in Sources */ = {isa = PBXBuildFile; fileRef = 210BED321918E32900A8E690 /* TestJSONBuilderGetSearch.m */; };
		210C0796192DE30D005D78E6 /* TestAppDelegate.m in Sources */ = {isa = PBXBuildFile; fileRef = 210C0795192DE30D005D78E6 /* TestAppDelegate.m */; };
		2114DA0E19235A3D002A88D9 /* TestServerConnection.m in Sources */ = {isa = PBXBuildFile; fileRef = 2114DA0D19235A3D002A88D9 /* TestServerConnection.m */; };
		21277BCC1918E67C005FB7FD /* testJSONBuilderGetConversionJSON.m in Sources */ = {isa = PBXBuildFile; fileRef = 21277BCB1918E67C005FB7FD /* testJSONBuilderGetConversionJSON.m */; };
		21277BCE19190036005FB7FD /* TestJSONBuilderGetLogin.m in Sources */ = {isa = PBXBuildFile; fileRef = 21277BCD19190036005FB7FD /* TestJSONBuilderGetLogin.m */; };
		21277BD019190095005FB7FD /* testJSONBuilderTestAvailableAnnotations.m in Sources */ = {isa = PBXBuildFile; fileRef = 21277BCF19190095005FB7FD /* testJSONBuilderTestAvailableAnnotations.m */; };
		2173DFC51929F1EA0040A336 /* ProcessStatusDescriptor.m in Sources */ = {isa = PBXBuildFile; fileRef = 2173DFC41929F1EA0040A336 /* ProcessStatusDescriptor.m */; };
		2173DFC71929F2160040A336 /* TestProcessStatusDescriptor.m in Sources */ = {isa = PBXBuildFile; fileRef = 2173DFC61929F2160040A336 /* TestProcessStatusDescriptor.m */; };
		21BFD1DB191B6A2A00F8E02F /* PopupGenerator.m in Sources */ = {isa = PBXBuildFile; fileRef = 21BFD1DA191B6A2A00F8E02F /* PopupGenerator.m */; };
		21CFACF71935CC9A002112DD /* Reachability.m in Sources */ = {isa = PBXBuildFile; fileRef = 649483E51935C5AC00C646FE /* Reachability.m */; };
		641BC92E191CC827000E5254 /* RawConvertViewController.m in Sources */ = {isa = PBXBuildFile; fileRef = 641BC92D191CC827000E5254 /* RawConvertViewController.m */; };
		6453DD171924D4CC00DDCA2D /* ProcessViewController.m in Sources */ = {isa = PBXBuildFile; fileRef = 6453DD161924D4CC00DDCA2D /* ProcessViewController.m */; };
		6453DD1A1924D4E400DDCA2D /* ProcessTableViewCell.m in Sources */ = {isa = PBXBuildFile; fileRef = 6453DD191924D4E400DDCA2D /* ProcessTableViewCell.m */; };
		6484A2F4190E8F160071BB23 /* ServerConnection.m in Sources */ = {isa = PBXBuildFile; fileRef = 6484A2F3190E8F160071BB23 /* ServerConnection.m */; };
		649483DA193475D000C646FE /* SystemConfiguration.framework in Frameworks */ = {isa = PBXBuildFile; fileRef = 649483D9193475D000C646FE /* SystemConfiguration.framework */; };
		649778EB1910EC9D000FD14F /* ExperimentParser.m in Sources */ = {isa = PBXBuildFile; fileRef = 649778EA1910EC9D000FD14F /* ExperimentParser.m */; };
		649778EF191119FB000FD14F /* MoreViewController.m in Sources */ = {isa = PBXBuildFile; fileRef = 649778ED191119FB000FD14F /* MoreViewController.m */; };
		7624B1C4191A6B4400420EBE /* TestExperimentParser.m in Sources */ = {isa = PBXBuildFile; fileRef = 7624B1C3191A6B4400420EBE /* TestExperimentParser.m */; };
		76E2DA9F190E96C90048069D /* JSONBuilder.m in Sources */ = {isa = PBXBuildFile; fileRef = 76E2DA9E190E96C90048069D /* JSONBuilder.m */; };
		76F638D8190FD99300F0F4BF /* Experiment.m in Sources */ = {isa = PBXBuildFile; fileRef = 76F638D7190FD99300F0F4BF /* Experiment.m */; };
		76F638DB190FDD9D00F0F4BF /* ExperimentFile.m in Sources */ = {isa = PBXBuildFile; fileRef = 76F638DA190FDD9D00F0F4BF /* ExperimentFile.m */; };
		CFE6F04C1AE1049600047985 /* testViewController.m in Sources */ = {isa = PBXBuildFile; fileRef = CFE6F04B1AE1049600047985 /* testViewController.m */; };
		D116AEE81ADE5FAE00E8E997 /* AlertWindow.m in Sources */ = {isa = PBXBuildFile; fileRef = D116AEE71ADE5FAE00E8E997 /* AlertWindow.m */; };
		D134590B1AE0FF6D004EDF31 /* AdvancedSearchView.m in Sources */ = {isa = PBXBuildFile; fileRef = D134590A1AE0FF6D004EDF31 /* AdvancedSearchView.m */; };
		D15D17B71AE7900D00B65DFE /* LaunchScreen.xib in Resources */ = {isa = PBXBuildFile; fileRef = D15D17B61AE7900D00B65DFE /* LaunchScreen.xib */; };
		D17107801ADFE0D5009CD177 /* DataFileTableViewCell.m in Sources */ = {isa = PBXBuildFile; fileRef = D1FD6E371ADFDD8D00676BED /* DataFileTableViewCell.m */; };
		D1CB5F151AE166680017EE4A /* Star_tabbar.png in Resources */ = {isa = PBXBuildFile; fileRef = D1CB5F131AE166680017EE4A /* Star_tabbar.png */; };
		D1CB5F161AE166680017EE4A /* Star_tabbar@2x.png in Resources */ = {isa = PBXBuildFile; fileRef = D1CB5F141AE166680017EE4A /* Star_tabbar@2x.png */; };
		D1CB5F1C1AE180070017EE4A /* Process.png in Resources */ = {isa = PBXBuildFile; fileRef = D1CB5F1A1AE180070017EE4A /* Process.png */; };
		D1CB5F1D1AE180070017EE4A /* Process@2x.png in Resources */ = {isa = PBXBuildFile; fileRef = D1CB5F1B1AE180070017EE4A /* Process@2x.png */; };
		D1CB5F201AE1905E0017EE4A /* OptionsView.m in Sources */ = {isa = PBXBuildFile; fileRef = D1CB5F1F1AE1905E0017EE4A /* OptionsView.m */; };
		D1CB5F241AE1934D0017EE4A /* NavController.m in Sources */ = {isa = PBXBuildFile; fileRef = D1CB5F231AE1934D0017EE4A /* NavController.m */; };
		D1CEABBE1AE14EEC002EF615 /* TabBar2Controller.m in Sources */ = {isa = PBXBuildFile; fileRef = D1CEABBD1AE14EEC002EF615 /* TabBar2Controller.m */; };
		D1CEABC51AE15F58002EF615 /* Search.png in Resources */ = {isa = PBXBuildFile; fileRef = D1CEABBF1AE15F58002EF615 /* Search.png */; };
		D1CEABC61AE15F58002EF615 /* Search@2x.png in Resources */ = {isa = PBXBuildFile; fileRef = D1CEABC01AE15F58002EF615 /* Search@2x.png */; };
		D1CEABC71AE15F58002EF615 /* Settings.png in Resources */ = {isa = PBXBuildFile; fileRef = D1CEABC11AE15F58002EF615 /* Settings.png */; };
		D1CEABC81AE15F58002EF615 /* Settings@2x.png in Resources */ = {isa = PBXBuildFile; fileRef = D1CEABC21AE15F58002EF615 /* Settings@2x.png */; };
		D1CEABC91AE15F58002EF615 /* Star.png in Resources */ = {isa = PBXBuildFile; fileRef = D1CEABC31AE15F58002EF615 /* Star.png */; };
		D1CEABCA1AE15F58002EF615 /* Star@2x.png in Resources */ = {isa = PBXBuildFile; fileRef = D1CEABC41AE15F58002EF615 /* Star@2x.png */; };
		D1E7C2E51ADFE30700E8D5E4 /* Error.png in Resources */ = {isa = PBXBuildFile; fileRef = D1E7C2E11ADFE30700E8D5E4 /* Error.png */; };
		D1E7C2E61ADFE30700E8D5E4 /* Error@2x.png in Resources */ = {isa = PBXBuildFile; fileRef = D1E7C2E21ADFE30700E8D5E4 /* Error@2x.png */; };
		D1E7C2E71ADFE30700E8D5E4 /* Success.png in Resources */ = {isa = PBXBuildFile; fileRef = D1E7C2E31ADFE30700E8D5E4 /* Success.png */; };
		D1E7C2E81ADFE30700E8D5E4 /* Success@2x.png in Resources */ = {isa = PBXBuildFile; fileRef = D1E7C2E41ADFE30700E8D5E4 /* Success@2x.png */; };
		D1E7C2EF1ADFE77D00E8D5E4 /* Unstar.png in Resources */ = {isa = PBXBuildFile; fileRef = D1E7C2EB1ADFE77D00E8D5E4 /* Unstar.png */; };
		D1E7C2F01ADFE77D00E8D5E4 /* Unstar@2x.png in Resources */ = {isa = PBXBuildFile; fileRef = D1E7C2EC1ADFE77D00E8D5E4 /* Unstar@2x.png */; };
		D1F6637C1ADD5F2E002DBE03 /* FileAboutView.m in Sources */ = {isa = PBXBuildFile; fileRef = D1F6637B1ADD5F2E002DBE03 /* FileAboutView.m */; };
		DE032D72191BCDC4006AC257 /* SelectTaskTableViewController.m in Sources */ = {isa = PBXBuildFile; fileRef = DE032D71191BCDC4006AC257 /* SelectTaskTableViewController.m */; };
		DE25D8021910D72A0084BDDC /* DataFileViewController.m in Sources */ = {isa = PBXBuildFile; fileRef = DE25D8001910D72A0084BDDC /* DataFileViewController.m */; };
		DE25D8061910E1500084BDDC /* ExperimentDescriber.m in Sources */ = {isa = PBXBuildFile; fileRef = DE25D8051910E1500084BDDC /* ExperimentDescriber.m */; };
		DE403ACD190A8A3E003D21F5 /* SearchViewController.m in Sources */ = {isa = PBXBuildFile; fileRef = DE403ACC190A8A3E003D21F5 /* SearchViewController.m */; };
		DE6BC232192DE61400B6D7AD /* FileHandler.m in Sources */ = {isa = PBXBuildFile; fileRef = DE6BC231192DE61400B6D7AD /* FileHandler.m */; };
		DE7C9C2519235F6C004A2492 /* Annotation.m in Sources */ = {isa = PBXBuildFile; fileRef = DE7C9C2419235F6C004A2492 /* Annotation.m */; };
		DE7C9C2719236044004A2492 /* TestAnnotation.m in Sources */ = {isa = PBXBuildFile; fileRef = DE7C9C2619236044004A2492 /* TestAnnotation.m */; };
		DE9A3EEF1918CAA100F7C33B /* AnnotationTableViewCell.m in Sources */ = {isa = PBXBuildFile; fileRef = DE9A3EED1918CAA100F7C33B /* AnnotationTableViewCell.m */; };
		DE9A3EF41918CB4600F7C33B /* AnnotationTableViewController.m in Sources */ = {isa = PBXBuildFile; fileRef = DE9A3EF21918CB4600F7C33B /* AnnotationTableViewController.m */; };
		DE9A3EF91918CFDC00F7C33B /* TestExperimentDescriber.m in Sources */ = {isa = PBXBuildFile; fileRef = DE9A3EF81918CFDC00F7C33B /* TestExperimentDescriber.m */; };
		DEB9EBE31929F83E00BD051B /* FileContainer.m in Sources */ = {isa = PBXBuildFile; fileRef = DEB9EBE21929F83E00BD051B /* FileContainer.m */; };
		DEBD8BC21933835B005C5E19 /* ViewController.m in Sources */ = {isa = PBXBuildFile; fileRef = DEBD8BC11933835B005C5E19 /* ViewController.m */; };
		DEBD8BC519338594005C5E19 /* TableViewController.m in Sources */ = {isa = PBXBuildFile; fileRef = DEBD8BC419338594005C5E19 /* TableViewController.m */; };
		DED034711923AD1B00E9EAF1 /* PubMedBuilder.m in Sources */ = {isa = PBXBuildFile; fileRef = DED034701923AD1B00E9EAF1 /* PubMedBuilder.m */; };
		DED1228E190E966200D8E530 /* SearchResultTableViewCell.m in Sources */ = {isa = PBXBuildFile; fileRef = DED12282190E966200D8E530 /* SearchResultTableViewCell.m */; };
		DED12290190E966200D8E530 /* SearchResultTableViewController.m in Sources */ = {isa = PBXBuildFile; fileRef = DED12285190E966200D8E530 /* SearchResultTableViewController.m */; };
		DED12292190E966200D8E530 /* SearchTableViewCell.m in Sources */ = {isa = PBXBuildFile; fileRef = DED12288190E966200D8E530 /* SearchTableViewCell.m */; };
		DED12294190E966200D8E530 /* SelectedFilesViewController.m in Sources */ = {isa = PBXBuildFile; fileRef = DED1228B190E966200D8E530 /* SelectedFilesViewController.m */; };
		DEEF6AE819094F8A00A2CD8C /* Foundation.framework in Frameworks */ = {isa = PBXBuildFile; fileRef = DEEF6AE719094F8A00A2CD8C /* Foundation.framework */; };
		DEEF6AEA19094F8A00A2CD8C /* CoreGraphics.framework in Frameworks */ = {isa = PBXBuildFile; fileRef = DEEF6AE919094F8A00A2CD8C /* CoreGraphics.framework */; };
		DEEF6AEC19094F8A00A2CD8C /* UIKit.framework in Frameworks */ = {isa = PBXBuildFile; fileRef = DEEF6AEB19094F8A00A2CD8C /* UIKit.framework */; };
		DEEF6AF219094F8A00A2CD8C /* InfoPlist.strings in Resources */ = {isa = PBXBuildFile; fileRef = DEEF6AF019094F8A00A2CD8C /* InfoPlist.strings */; };
		DEEF6AF419094F8A00A2CD8C /* main.m in Sources */ = {isa = PBXBuildFile; fileRef = DEEF6AF319094F8A00A2CD8C /* main.m */; };
		DEEF6AF819094F8A00A2CD8C /* AppDelegate.m in Sources */ = {isa = PBXBuildFile; fileRef = DEEF6AF719094F8A00A2CD8C /* AppDelegate.m */; };
		DEEF6AFA19094F8A00A2CD8C /* Images.xcassets in Resources */ = {isa = PBXBuildFile; fileRef = DEEF6AF919094F8A00A2CD8C /* Images.xcassets */; };
		DEEF6B0119094F8B00A2CD8C /* XCTest.framework in Frameworks */ = {isa = PBXBuildFile; fileRef = DEEF6B0019094F8B00A2CD8C /* XCTest.framework */; };
		DEEF6B0219094F8B00A2CD8C /* Foundation.framework in Frameworks */ = {isa = PBXBuildFile; fileRef = DEEF6AE719094F8A00A2CD8C /* Foundation.framework */; };
		DEEF6B0319094F8B00A2CD8C /* UIKit.framework in Frameworks */ = {isa = PBXBuildFile; fileRef = DEEF6AEB19094F8A00A2CD8C /* UIKit.framework */; };
		DEEF6B0B19094F8B00A2CD8C /* InfoPlist.strings in Resources */ = {isa = PBXBuildFile; fileRef = DEEF6B0919094F8B00A2CD8C /* InfoPlist.strings */; };
		DEEF6B0D19094F8B00A2CD8C /* InLoggerTests.m in Sources */ = {isa = PBXBuildFile; fileRef = DEEF6B0C19094F8B00A2CD8C /* InLoggerTests.m */; };
		DEEF6B1719094FA000A2CD8C /* Main.storyboard in Resources */ = {isa = PBXBuildFile; fileRef = DEEF6B1619094FA000A2CD8C /* Main.storyboard */; };
		DEEF6B1B1909553C00A2CD8C /* LogInViewController.m in Sources */ = {isa = PBXBuildFile; fileRef = DEEF6B191909553C00A2CD8C /* LogInViewController.m */; };
		DEEF7D94190A55D1005EDB8E /* TabViewController.m in Sources */ = {isa = PBXBuildFile; fileRef = DEEF7D92190A55D1005EDB8E /* TabViewController.m */; };
		DEF812911918D90A00A88173 /* TestExperiment.m in Sources */ = {isa = PBXBuildFile; fileRef = DEF812901918D90A00A88173 /* TestExperiment.m */; };
		DEF812931918DE1C00A88173 /* TestExperimentFile.m in Sources */ = {isa = PBXBuildFile; fileRef = DEF812921918DE1C00A88173 /* TestExperimentFile.m */; };
/* End PBXBuildFile section */

/* Begin PBXContainerItemProxy section */
		DEEF6B0419094F8B00A2CD8C /* PBXContainerItemProxy */ = {
			isa = PBXContainerItemProxy;
			containerPortal = DEEF6ADC19094F8A00A2CD8C /* Project object */;
			proxyType = 1;
			remoteGlobalIDString = DEEF6AE319094F8A00A2CD8C;
			remoteInfo = InLogger;
		};
/* End PBXContainerItemProxy section */

/* Begin PBXFileReference section */
		1446F6681AF790A100BBD3B0 /* ConvertFormatTableViewController.h */ = {isa = PBXFileReference; fileEncoding = 4; lastKnownFileType = sourcecode.c.h; path = ConvertFormatTableViewController.h; sourceTree = "<group>"; };
		1446F6691AF790A100BBD3B0 /* ConvertFormatTableViewController.m */ = {isa = PBXFileReference; fileEncoding = 4; lastKnownFileType = sourcecode.c.objc; path = ConvertFormatTableViewController.m; sourceTree = "<group>"; };
		14EC5A101AFA0541005EF4FB /* ConvertFormatTableViewCell.h */ = {isa = PBXFileReference; fileEncoding = 4; lastKnownFileType = sourcecode.c.h; path = ConvertFormatTableViewCell.h; sourceTree = "<group>"; };
		14EC5A111AFA0541005EF4FB /* ConvertFormatTableViewCell.m */ = {isa = PBXFileReference; fileEncoding = 4; lastKnownFileType = sourcecode.c.objc; path = ConvertFormatTableViewCell.m; sourceTree = "<group>"; };
		210BED2C1918D85000A8E690 /* TestJSONBuilderGetRequest.m */ = {isa = PBXFileReference; fileEncoding = 4; lastKnownFileType = sourcecode.c.objc; path = TestJSONBuilderGetRequest.m; sourceTree = "<group>"; };
		210BED2E1918DCD500A8E690 /* TestJSONBuilderGetLogout.m */ = {isa = PBXFileReference; fileEncoding = 4; lastKnownFileType = sourcecode.c.objc; path = TestJSONBuilderGetLogout.m; sourceTree = "<group>"; };
		210BED321918E32900A8E690 /* TestJSONBuilderGetSearch.m */ = {isa = PBXFileReference; fileEncoding = 4; lastKnownFileType = sourcecode.c.objc; path = TestJSONBuilderGetSearch.m; sourceTree = "<group>"; };
		210C0795192DE30D005D78E6 /* TestAppDelegate.m */ = {isa = PBXFileReference; fileEncoding = 4; lastKnownFileType = sourcecode.c.objc; path = TestAppDelegate.m; sourceTree = "<group>"; };
		2114DA0D19235A3D002A88D9 /* TestServerConnection.m */ = {isa = PBXFileReference; fileEncoding = 4; lastKnownFileType = sourcecode.c.objc; path = TestServerConnection.m; sourceTree = "<group>"; };
		21277BCB1918E67C005FB7FD /* testJSONBuilderGetConversionJSON.m */ = {isa = PBXFileReference; fileEncoding = 4; lastKnownFileType = sourcecode.c.objc; path = testJSONBuilderGetConversionJSON.m; sourceTree = "<group>"; };
		21277BCD19190036005FB7FD /* TestJSONBuilderGetLogin.m */ = {isa = PBXFileReference; fileEncoding = 4; lastKnownFileType = sourcecode.c.objc; path = TestJSONBuilderGetLogin.m; sourceTree = "<group>"; };
		21277BCF19190095005FB7FD /* testJSONBuilderTestAvailableAnnotations.m */ = {isa = PBXFileReference; fileEncoding = 4; lastKnownFileType = sourcecode.c.objc; path = testJSONBuilderTestAvailableAnnotations.m; sourceTree = "<group>"; };
		2173DFC31929F1EA0040A336 /* ProcessStatusDescriptor.h */ = {isa = PBXFileReference; fileEncoding = 4; lastKnownFileType = sourcecode.c.h; path = ProcessStatusDescriptor.h; sourceTree = "<group>"; };
		2173DFC41929F1EA0040A336 /* ProcessStatusDescriptor.m */ = {isa = PBXFileReference; fileEncoding = 4; lastKnownFileType = sourcecode.c.objc; path = ProcessStatusDescriptor.m; sourceTree = "<group>"; };
		2173DFC61929F2160040A336 /* TestProcessStatusDescriptor.m */ = {isa = PBXFileReference; fileEncoding = 4; lastKnownFileType = sourcecode.c.objc; name = TestProcessStatusDescriptor.m; path = InLoggerTests/TestProcessStatusDescriptor.m; sourceTree = SOURCE_ROOT; };
		21BFD1D9191B6A2A00F8E02F /* PopupGenerator.h */ = {isa = PBXFileReference; fileEncoding = 4; lastKnownFileType = sourcecode.c.h; path = PopupGenerator.h; sourceTree = "<group>"; };
		21BFD1DA191B6A2A00F8E02F /* PopupGenerator.m */ = {isa = PBXFileReference; fileEncoding = 4; lastKnownFileType = sourcecode.c.objc; path = PopupGenerator.m; sourceTree = "<group>"; };
		641BC92C191CC827000E5254 /* RawConvertViewController.h */ = {isa = PBXFileReference; fileEncoding = 4; lastKnownFileType = sourcecode.c.h; lineEnding = 0; path = RawConvertViewController.h; sourceTree = "<group>"; xcLanguageSpecificationIdentifier = xcode.lang.objcpp; };
		641BC92D191CC827000E5254 /* RawConvertViewController.m */ = {isa = PBXFileReference; fileEncoding = 4; lastKnownFileType = sourcecode.c.objc; path = RawConvertViewController.m; sourceTree = "<group>"; };
		6453DD151924D4CC00DDCA2D /* ProcessViewController.h */ = {isa = PBXFileReference; fileEncoding = 4; lastKnownFileType = sourcecode.c.h; lineEnding = 0; path = ProcessViewController.h; sourceTree = "<group>"; xcLanguageSpecificationIdentifier = xcode.lang.objcpp; };
		6453DD161924D4CC00DDCA2D /* ProcessViewController.m */ = {isa = PBXFileReference; fileEncoding = 4; lastKnownFileType = sourcecode.c.objc; lineEnding = 0; path = ProcessViewController.m; sourceTree = "<group>"; xcLanguageSpecificationIdentifier = xcode.lang.objc; };
		6453DD181924D4E400DDCA2D /* ProcessTableViewCell.h */ = {isa = PBXFileReference; fileEncoding = 4; lastKnownFileType = sourcecode.c.h; path = ProcessTableViewCell.h; sourceTree = "<group>"; };
		6453DD191924D4E400DDCA2D /* ProcessTableViewCell.m */ = {isa = PBXFileReference; fileEncoding = 4; lastKnownFileType = sourcecode.c.objc; path = ProcessTableViewCell.m; sourceTree = "<group>"; };
		6484A2F2190E8F160071BB23 /* ServerConnection.h */ = {isa = PBXFileReference; fileEncoding = 4; lastKnownFileType = sourcecode.c.h; path = ServerConnection.h; sourceTree = "<group>"; };
		6484A2F3190E8F160071BB23 /* ServerConnection.m */ = {isa = PBXFileReference; fileEncoding = 4; lastKnownFileType = sourcecode.c.objc; path = ServerConnection.m; sourceTree = "<group>"; };
		649483D9193475D000C646FE /* SystemConfiguration.framework */ = {isa = PBXFileReference; lastKnownFileType = wrapper.framework; name = SystemConfiguration.framework; path = System/Library/Frameworks/SystemConfiguration.framework; sourceTree = SDKROOT; };
		649483E41935C5AC00C646FE /* Reachability.h */ = {isa = PBXFileReference; fileEncoding = 4; lastKnownFileType = sourcecode.c.h; name = Reachability.h; path = ../Reachability.h; sourceTree = "<group>"; };
		649483E51935C5AC00C646FE /* Reachability.m */ = {isa = PBXFileReference; fileEncoding = 4; lastKnownFileType = sourcecode.c.objc; name = Reachability.m; path = ../Reachability.m; sourceTree = "<group>"; };
		649778E91910EC9D000FD14F /* ExperimentParser.h */ = {isa = PBXFileReference; fileEncoding = 4; lastKnownFileType = sourcecode.c.h; path = ExperimentParser.h; sourceTree = "<group>"; };
		649778EA1910EC9D000FD14F /* ExperimentParser.m */ = {isa = PBXFileReference; fileEncoding = 4; lastKnownFileType = sourcecode.c.objc; path = ExperimentParser.m; sourceTree = "<group>"; };
		649778EC191119FB000FD14F /* MoreViewController.h */ = {isa = PBXFileReference; fileEncoding = 4; lastKnownFileType = sourcecode.c.h; lineEnding = 0; path = MoreViewController.h; sourceTree = "<group>"; xcLanguageSpecificationIdentifier = xcode.lang.objcpp; };
		649778ED191119FB000FD14F /* MoreViewController.m */ = {isa = PBXFileReference; fileEncoding = 4; lastKnownFileType = sourcecode.c.objc; path = MoreViewController.m; sourceTree = "<group>"; };
		7624B1C3191A6B4400420EBE /* TestExperimentParser.m */ = {isa = PBXFileReference; fileEncoding = 4; lastKnownFileType = sourcecode.c.objc; path = TestExperimentParser.m; sourceTree = "<group>"; };
		76E2DA9D190E96C90048069D /* JSONBuilder.h */ = {isa = PBXFileReference; fileEncoding = 4; lastKnownFileType = sourcecode.c.h; name = JSONBuilder.h; path = ../JSONBuilder.h; sourceTree = "<group>"; };
		76E2DA9E190E96C90048069D /* JSONBuilder.m */ = {isa = PBXFileReference; fileEncoding = 4; lastKnownFileType = sourcecode.c.objc; name = JSONBuilder.m; path = ../JSONBuilder.m; sourceTree = "<group>"; };
		76F638D6190FD99200F0F4BF /* Experiment.h */ = {isa = PBXFileReference; fileEncoding = 4; lastKnownFileType = sourcecode.c.h; path = Experiment.h; sourceTree = "<group>"; };
		76F638D7190FD99300F0F4BF /* Experiment.m */ = {isa = PBXFileReference; fileEncoding = 4; lastKnownFileType = sourcecode.c.objc; path = Experiment.m; sourceTree = "<group>"; };
		76F638D9190FDD9D00F0F4BF /* ExperimentFile.h */ = {isa = PBXFileReference; fileEncoding = 4; lastKnownFileType = sourcecode.c.h; path = ExperimentFile.h; sourceTree = "<group>"; };
		76F638DA190FDD9D00F0F4BF /* ExperimentFile.m */ = {isa = PBXFileReference; fileEncoding = 4; lastKnownFileType = sourcecode.c.objc; path = ExperimentFile.m; sourceTree = "<group>"; };
		CFE6F04B1AE1049600047985 /* testViewController.m */ = {isa = PBXFileReference; fileEncoding = 4; lastKnownFileType = sourcecode.c.objc; path = testViewController.m; sourceTree = "<group>"; };
		D116AEE61ADE5FAE00E8E997 /* AlertWindow.h */ = {isa = PBXFileReference; fileEncoding = 4; lastKnownFileType = sourcecode.c.h; path = AlertWindow.h; sourceTree = "<group>"; };
		D116AEE71ADE5FAE00E8E997 /* AlertWindow.m */ = {isa = PBXFileReference; fileEncoding = 4; lastKnownFileType = sourcecode.c.objc; path = AlertWindow.m; sourceTree = "<group>"; wrapsLines = 1; };
		D13459091AE0FF6D004EDF31 /* AdvancedSearchView.h */ = {isa = PBXFileReference; fileEncoding = 4; lastKnownFileType = sourcecode.c.h; path = AdvancedSearchView.h; sourceTree = "<group>"; };
		D134590A1AE0FF6D004EDF31 /* AdvancedSearchView.m */ = {isa = PBXFileReference; fileEncoding = 4; lastKnownFileType = sourcecode.c.objc; path = AdvancedSearchView.m; sourceTree = "<group>"; };
		D15D17B61AE7900D00B65DFE /* LaunchScreen.xib */ = {isa = PBXFileReference; fileEncoding = 4; lastKnownFileType = file.xib; name = LaunchScreen.xib; path = ../LaunchScreen.xib; sourceTree = "<group>"; };
		D1CB5F131AE166680017EE4A /* Star_tabbar.png */ = {isa = PBXFileReference; lastKnownFileType = image.png; name = Star_tabbar.png; path = Icon/Star_tabbar.png; sourceTree = SOURCE_ROOT; };
		D1CB5F141AE166680017EE4A /* Star_tabbar@2x.png */ = {isa = PBXFileReference; lastKnownFileType = image.png; name = "Star_tabbar@2x.png"; path = "Icon/Star_tabbar@2x.png"; sourceTree = SOURCE_ROOT; };
		D1CB5F1A1AE180070017EE4A /* Process.png */ = {isa = PBXFileReference; lastKnownFileType = image.png; name = Process.png; path = Icon/Process.png; sourceTree = SOURCE_ROOT; };
		D1CB5F1B1AE180070017EE4A /* Process@2x.png */ = {isa = PBXFileReference; lastKnownFileType = image.png; name = "Process@2x.png"; path = "Icon/Process@2x.png"; sourceTree = SOURCE_ROOT; };
		D1CB5F1E1AE1905E0017EE4A /* OptionsView.h */ = {isa = PBXFileReference; fileEncoding = 4; lastKnownFileType = sourcecode.c.h; path = OptionsView.h; sourceTree = "<group>"; };
		D1CB5F1F1AE1905E0017EE4A /* OptionsView.m */ = {isa = PBXFileReference; fileEncoding = 4; lastKnownFileType = sourcecode.c.objc; path = OptionsView.m; sourceTree = "<group>"; };
		D1CB5F221AE1934D0017EE4A /* NavController.h */ = {isa = PBXFileReference; fileEncoding = 4; lastKnownFileType = sourcecode.c.h; path = NavController.h; sourceTree = "<group>"; };
		D1CB5F231AE1934D0017EE4A /* NavController.m */ = {isa = PBXFileReference; fileEncoding = 4; lastKnownFileType = sourcecode.c.objc; path = NavController.m; sourceTree = "<group>"; };
		D1CEABBC1AE14EEC002EF615 /* TabBar2Controller.h */ = {isa = PBXFileReference; fileEncoding = 4; lastKnownFileType = sourcecode.c.h; path = TabBar2Controller.h; sourceTree = "<group>"; };
		D1CEABBD1AE14EEC002EF615 /* TabBar2Controller.m */ = {isa = PBXFileReference; fileEncoding = 4; lastKnownFileType = sourcecode.c.objc; path = TabBar2Controller.m; sourceTree = "<group>"; };
		D1CEABBF1AE15F58002EF615 /* Search.png */ = {isa = PBXFileReference; lastKnownFileType = image.png; name = Search.png; path = Icon/Search.png; sourceTree = SOURCE_ROOT; };
		D1CEABC01AE15F58002EF615 /* Search@2x.png */ = {isa = PBXFileReference; lastKnownFileType = image.png; name = "Search@2x.png"; path = "Icon/Search@2x.png"; sourceTree = SOURCE_ROOT; };
		D1CEABC11AE15F58002EF615 /* Settings.png */ = {isa = PBXFileReference; lastKnownFileType = image.png; name = Settings.png; path = Icon/Settings.png; sourceTree = SOURCE_ROOT; };
		D1CEABC21AE15F58002EF615 /* Settings@2x.png */ = {isa = PBXFileReference; lastKnownFileType = image.png; name = "Settings@2x.png"; path = "Icon/Settings@2x.png"; sourceTree = SOURCE_ROOT; };
		D1CEABC31AE15F58002EF615 /* Star.png */ = {isa = PBXFileReference; lastKnownFileType = image.png; name = Star.png; path = Icon/Star.png; sourceTree = SOURCE_ROOT; };
		D1CEABC41AE15F58002EF615 /* Star@2x.png */ = {isa = PBXFileReference; lastKnownFileType = image.png; name = "Star@2x.png"; path = "Icon/Star@2x.png"; sourceTree = SOURCE_ROOT; };
		D1E7C2E11ADFE30700E8D5E4 /* Error.png */ = {isa = PBXFileReference; lastKnownFileType = image.png; name = Error.png; path = Genomizer.xcodeproj/../Icon/Error.png; sourceTree = SOURCE_ROOT; };
		D1E7C2E21ADFE30700E8D5E4 /* Error@2x.png */ = {isa = PBXFileReference; lastKnownFileType = image.png; name = "Error@2x.png"; path = "Genomizer.xcodeproj/../Icon/Error@2x.png"; sourceTree = SOURCE_ROOT; };
		D1E7C2E31ADFE30700E8D5E4 /* Success.png */ = {isa = PBXFileReference; lastKnownFileType = image.png; name = Success.png; path = Genomizer.xcodeproj/../Icon/Success.png; sourceTree = SOURCE_ROOT; };
		D1E7C2E41ADFE30700E8D5E4 /* Success@2x.png */ = {isa = PBXFileReference; lastKnownFileType = image.png; name = "Success@2x.png"; path = "Genomizer.xcodeproj/../Icon/Success@2x.png"; sourceTree = SOURCE_ROOT; };
		D1E7C2EB1ADFE77D00E8D5E4 /* Unstar.png */ = {isa = PBXFileReference; lastKnownFileType = image.png; name = Unstar.png; path = Icon/Unstar.png; sourceTree = SOURCE_ROOT; };
		D1E7C2EC1ADFE77D00E8D5E4 /* Unstar@2x.png */ = {isa = PBXFileReference; lastKnownFileType = image.png; name = "Unstar@2x.png"; path = "Icon/Unstar@2x.png"; sourceTree = SOURCE_ROOT; };
		D1F6637A1ADD5F2E002DBE03 /* FileAboutView.h */ = {isa = PBXFileReference; fileEncoding = 4; lastKnownFileType = sourcecode.c.h; name = FileAboutView.h; path = ../FileAboutView.h; sourceTree = "<group>"; };
		D1F6637B1ADD5F2E002DBE03 /* FileAboutView.m */ = {isa = PBXFileReference; fileEncoding = 4; lastKnownFileType = sourcecode.c.objc; name = FileAboutView.m; path = ../FileAboutView.m; sourceTree = "<group>"; };
		D1FD6E361ADFDD8D00676BED /* DataFileTableViewCell.h */ = {isa = PBXFileReference; fileEncoding = 4; lastKnownFileType = sourcecode.c.h; path = DataFileTableViewCell.h; sourceTree = "<group>"; };
		D1FD6E371ADFDD8D00676BED /* DataFileTableViewCell.m */ = {isa = PBXFileReference; fileEncoding = 4; lastKnownFileType = sourcecode.c.objc; path = DataFileTableViewCell.m; sourceTree = "<group>"; };
		DE032D70191BCDC4006AC257 /* SelectTaskTableViewController.h */ = {isa = PBXFileReference; fileEncoding = 4; lastKnownFileType = sourcecode.c.h; path = SelectTaskTableViewController.h; sourceTree = "<group>"; };
		DE032D71191BCDC4006AC257 /* SelectTaskTableViewController.m */ = {isa = PBXFileReference; fileEncoding = 4; lastKnownFileType = sourcecode.c.objc; path = SelectTaskTableViewController.m; sourceTree = "<group>"; };
		DE25D7FF1910D72A0084BDDC /* DataFileViewController.h */ = {isa = PBXFileReference; fileEncoding = 4; lastKnownFileType = sourcecode.c.h; name = DataFileViewController.h; path = ../DataFileViewController.h; sourceTree = "<group>"; };
		DE25D8001910D72A0084BDDC /* DataFileViewController.m */ = {isa = PBXFileReference; fileEncoding = 4; lastKnownFileType = sourcecode.c.objc; name = DataFileViewController.m; path = ../DataFileViewController.m; sourceTree = "<group>"; };
		DE25D8041910E1500084BDDC /* ExperimentDescriber.h */ = {isa = PBXFileReference; fileEncoding = 4; lastKnownFileType = sourcecode.c.h; path = ExperimentDescriber.h; sourceTree = "<group>"; };
		DE25D8051910E1500084BDDC /* ExperimentDescriber.m */ = {isa = PBXFileReference; fileEncoding = 4; lastKnownFileType = sourcecode.c.objc; path = ExperimentDescriber.m; sourceTree = "<group>"; };
		DE403ACB190A8A3E003D21F5 /* SearchViewController.h */ = {isa = PBXFileReference; fileEncoding = 4; lastKnownFileType = sourcecode.c.h; path = SearchViewController.h; sourceTree = "<group>"; };
		DE403ACC190A8A3E003D21F5 /* SearchViewController.m */ = {isa = PBXFileReference; fileEncoding = 4; lastKnownFileType = sourcecode.c.objc; path = SearchViewController.m; sourceTree = "<group>"; };
		DE6BC230192DE61400B6D7AD /* FileHandler.h */ = {isa = PBXFileReference; fileEncoding = 4; lastKnownFileType = sourcecode.c.h; path = FileHandler.h; sourceTree = "<group>"; };
		DE6BC231192DE61400B6D7AD /* FileHandler.m */ = {isa = PBXFileReference; fileEncoding = 4; lastKnownFileType = sourcecode.c.objc; path = FileHandler.m; sourceTree = "<group>"; };
		DE7C9C2319235F6C004A2492 /* Annotation.h */ = {isa = PBXFileReference; fileEncoding = 4; lastKnownFileType = sourcecode.c.h; path = Annotation.h; sourceTree = "<group>"; };
		DE7C9C2419235F6C004A2492 /* Annotation.m */ = {isa = PBXFileReference; fileEncoding = 4; lastKnownFileType = sourcecode.c.objc; path = Annotation.m; sourceTree = "<group>"; };
		DE7C9C2619236044004A2492 /* TestAnnotation.m */ = {isa = PBXFileReference; fileEncoding = 4; lastKnownFileType = sourcecode.c.objc; path = TestAnnotation.m; sourceTree = "<group>"; };
		DE9A3EEC1918CAA100F7C33B /* AnnotationTableViewCell.h */ = {isa = PBXFileReference; fileEncoding = 4; lastKnownFileType = sourcecode.c.h; path = AnnotationTableViewCell.h; sourceTree = "<group>"; };
		DE9A3EED1918CAA100F7C33B /* AnnotationTableViewCell.m */ = {isa = PBXFileReference; fileEncoding = 4; lastKnownFileType = sourcecode.c.objc; path = AnnotationTableViewCell.m; sourceTree = "<group>"; };
		DE9A3EF11918CB4600F7C33B /* AnnotationTableViewController.h */ = {isa = PBXFileReference; fileEncoding = 4; lastKnownFileType = sourcecode.c.h; path = AnnotationTableViewController.h; sourceTree = "<group>"; };
		DE9A3EF21918CB4600F7C33B /* AnnotationTableViewController.m */ = {isa = PBXFileReference; fileEncoding = 4; lastKnownFileType = sourcecode.c.objc; path = AnnotationTableViewController.m; sourceTree = "<group>"; };
		DE9A3EF81918CFDC00F7C33B /* TestExperimentDescriber.m */ = {isa = PBXFileReference; fileEncoding = 4; lastKnownFileType = sourcecode.c.objc; path = TestExperimentDescriber.m; sourceTree = "<group>"; };
		DEB9EBE11929F83E00BD051B /* FileContainer.h */ = {isa = PBXFileReference; fileEncoding = 4; lastKnownFileType = sourcecode.c.h; path = FileContainer.h; sourceTree = "<group>"; };
		DEB9EBE21929F83E00BD051B /* FileContainer.m */ = {isa = PBXFileReference; fileEncoding = 4; lastKnownFileType = sourcecode.c.objc; path = FileContainer.m; sourceTree = "<group>"; };
		DEBD8BC01933835B005C5E19 /* ViewController.h */ = {isa = PBXFileReference; fileEncoding = 4; lastKnownFileType = sourcecode.c.h; path = ViewController.h; sourceTree = "<group>"; };
		DEBD8BC11933835B005C5E19 /* ViewController.m */ = {isa = PBXFileReference; fileEncoding = 4; lastKnownFileType = sourcecode.c.objc; path = ViewController.m; sourceTree = "<group>"; };
		DEBD8BC319338594005C5E19 /* TableViewController.h */ = {isa = PBXFileReference; fileEncoding = 4; lastKnownFileType = sourcecode.c.h; path = TableViewController.h; sourceTree = "<group>"; };
		DEBD8BC419338594005C5E19 /* TableViewController.m */ = {isa = PBXFileReference; fileEncoding = 4; lastKnownFileType = sourcecode.c.objc; path = TableViewController.m; sourceTree = "<group>"; };
		DED0346F1923AD1B00E9EAF1 /* PubMedBuilder.h */ = {isa = PBXFileReference; fileEncoding = 4; lastKnownFileType = sourcecode.c.h; path = PubMedBuilder.h; sourceTree = "<group>"; };
		DED034701923AD1B00E9EAF1 /* PubMedBuilder.m */ = {isa = PBXFileReference; fileEncoding = 4; lastKnownFileType = sourcecode.c.objc; path = PubMedBuilder.m; sourceTree = "<group>"; };
		DED12281190E966200D8E530 /* SearchResultTableViewCell.h */ = {isa = PBXFileReference; fileEncoding = 4; lastKnownFileType = sourcecode.c.h; path = SearchResultTableViewCell.h; sourceTree = "<group>"; };
		DED12282190E966200D8E530 /* SearchResultTableViewCell.m */ = {isa = PBXFileReference; fileEncoding = 4; lastKnownFileType = sourcecode.c.objc; path = SearchResultTableViewCell.m; sourceTree = "<group>"; };
		DED12284190E966200D8E530 /* SearchResultTableViewController.h */ = {isa = PBXFileReference; fileEncoding = 4; lastKnownFileType = sourcecode.c.h; path = SearchResultTableViewController.h; sourceTree = "<group>"; };
		DED12285190E966200D8E530 /* SearchResultTableViewController.m */ = {isa = PBXFileReference; fileEncoding = 4; lastKnownFileType = sourcecode.c.objc; path = SearchResultTableViewController.m; sourceTree = "<group>"; };
		DED12287190E966200D8E530 /* SearchTableViewCell.h */ = {isa = PBXFileReference; fileEncoding = 4; lastKnownFileType = sourcecode.c.h; path = SearchTableViewCell.h; sourceTree = "<group>"; };
		DED12288190E966200D8E530 /* SearchTableViewCell.m */ = {isa = PBXFileReference; fileEncoding = 4; lastKnownFileType = sourcecode.c.objc; path = SearchTableViewCell.m; sourceTree = "<group>"; };
		DED1228A190E966200D8E530 /* SelectedFilesViewController.h */ = {isa = PBXFileReference; fileEncoding = 4; lastKnownFileType = sourcecode.c.h; path = SelectedFilesViewController.h; sourceTree = "<group>"; };
		DED1228B190E966200D8E530 /* SelectedFilesViewController.m */ = {isa = PBXFileReference; fileEncoding = 4; lastKnownFileType = sourcecode.c.objc; path = SelectedFilesViewController.m; sourceTree = "<group>"; };
		DEEF6AE419094F8A00A2CD8C /* Genomizer.app */ = {isa = PBXFileReference; explicitFileType = wrapper.application; includeInIndex = 0; path = Genomizer.app; sourceTree = BUILT_PRODUCTS_DIR; };
		DEEF6AE719094F8A00A2CD8C /* Foundation.framework */ = {isa = PBXFileReference; lastKnownFileType = wrapper.framework; name = Foundation.framework; path = System/Library/Frameworks/Foundation.framework; sourceTree = SDKROOT; };
		DEEF6AE919094F8A00A2CD8C /* CoreGraphics.framework */ = {isa = PBXFileReference; lastKnownFileType = wrapper.framework; name = CoreGraphics.framework; path = System/Library/Frameworks/CoreGraphics.framework; sourceTree = SDKROOT; };
		DEEF6AEB19094F8A00A2CD8C /* UIKit.framework */ = {isa = PBXFileReference; lastKnownFileType = wrapper.framework; name = UIKit.framework; path = System/Library/Frameworks/UIKit.framework; sourceTree = SDKROOT; };
		DEEF6AEF19094F8A00A2CD8C /* Genomizer-Info.plist */ = {isa = PBXFileReference; lastKnownFileType = text.plist.xml; path = "Genomizer-Info.plist"; sourceTree = "<group>"; };
		DEEF6AF119094F8A00A2CD8C /* en */ = {isa = PBXFileReference; lastKnownFileType = text.plist.strings; name = en; path = en.lproj/InfoPlist.strings; sourceTree = "<group>"; };
		DEEF6AF319094F8A00A2CD8C /* main.m */ = {isa = PBXFileReference; lastKnownFileType = sourcecode.c.objc; path = main.m; sourceTree = "<group>"; };
		DEEF6AF519094F8A00A2CD8C /* Genomizer-Prefix.pch */ = {isa = PBXFileReference; lastKnownFileType = sourcecode.c.h; path = "Genomizer-Prefix.pch"; sourceTree = "<group>"; };
		DEEF6AF619094F8A00A2CD8C /* AppDelegate.h */ = {isa = PBXFileReference; lastKnownFileType = sourcecode.c.h; path = AppDelegate.h; sourceTree = "<group>"; };
		DEEF6AF719094F8A00A2CD8C /* AppDelegate.m */ = {isa = PBXFileReference; lastKnownFileType = sourcecode.c.objc; lineEnding = 0; path = AppDelegate.m; sourceTree = "<group>"; xcLanguageSpecificationIdentifier = xcode.lang.objc; };
		DEEF6AF919094F8A00A2CD8C /* Images.xcassets */ = {isa = PBXFileReference; lastKnownFileType = folder.assetcatalog; path = Images.xcassets; sourceTree = "<group>"; };
		DEEF6AFF19094F8B00A2CD8C /* GenomizerTests.xctest */ = {isa = PBXFileReference; explicitFileType = wrapper.cfbundle; includeInIndex = 0; path = GenomizerTests.xctest; sourceTree = BUILT_PRODUCTS_DIR; };
		DEEF6B0019094F8B00A2CD8C /* XCTest.framework */ = {isa = PBXFileReference; lastKnownFileType = wrapper.framework; name = XCTest.framework; path = Library/Frameworks/XCTest.framework; sourceTree = DEVELOPER_DIR; };
		DEEF6B0819094F8B00A2CD8C /* GenomizerTests-Info.plist */ = {isa = PBXFileReference; lastKnownFileType = text.plist.xml; path = "GenomizerTests-Info.plist"; sourceTree = "<group>"; };
		DEEF6B0A19094F8B00A2CD8C /* en */ = {isa = PBXFileReference; lastKnownFileType = text.plist.strings; name = en; path = en.lproj/InfoPlist.strings; sourceTree = "<group>"; };
		DEEF6B0C19094F8B00A2CD8C /* InLoggerTests.m */ = {isa = PBXFileReference; lastKnownFileType = sourcecode.c.objc; path = InLoggerTests.m; sourceTree = "<group>"; };
		DEEF6B1619094FA000A2CD8C /* Main.storyboard */ = {isa = PBXFileReference; fileEncoding = 4; lastKnownFileType = file.storyboard; name = Main.storyboard; path = ../Main.storyboard; sourceTree = "<group>"; };
		DEEF6B181909553C00A2CD8C /* LogInViewController.h */ = {isa = PBXFileReference; fileEncoding = 4; lastKnownFileType = sourcecode.c.h; path = LogInViewController.h; sourceTree = "<group>"; };
		DEEF6B191909553C00A2CD8C /* LogInViewController.m */ = {isa = PBXFileReference; fileEncoding = 4; lastKnownFileType = sourcecode.c.objc; path = LogInViewController.m; sourceTree = "<group>"; };
		DEEF7D91190A55D1005EDB8E /* TabViewController.h */ = {isa = PBXFileReference; fileEncoding = 4; lastKnownFileType = sourcecode.c.h; name = TabViewController.h; path = ../TabViewController.h; sourceTree = "<group>"; };
		DEEF7D92190A55D1005EDB8E /* TabViewController.m */ = {isa = PBXFileReference; fileEncoding = 4; lastKnownFileType = sourcecode.c.objc; name = TabViewController.m; path = ../TabViewController.m; sourceTree = "<group>"; };
		DEF812901918D90A00A88173 /* TestExperiment.m */ = {isa = PBXFileReference; fileEncoding = 4; lastKnownFileType = sourcecode.c.objc; path = TestExperiment.m; sourceTree = "<group>"; };
		DEF812921918DE1C00A88173 /* TestExperimentFile.m */ = {isa = PBXFileReference; fileEncoding = 4; lastKnownFileType = sourcecode.c.objc; path = TestExperimentFile.m; sourceTree = "<group>"; };
/* End PBXFileReference section */

/* Begin PBXFrameworksBuildPhase section */
		DEEF6AE119094F8A00A2CD8C /* Frameworks */ = {
			isa = PBXFrameworksBuildPhase;
			buildActionMask = 2147483647;
			files = (
				649483DA193475D000C646FE /* SystemConfiguration.framework in Frameworks */,
				DEEF6AEA19094F8A00A2CD8C /* CoreGraphics.framework in Frameworks */,
				DEEF6AEC19094F8A00A2CD8C /* UIKit.framework in Frameworks */,
				DEEF6AE819094F8A00A2CD8C /* Foundation.framework in Frameworks */,
			);
			runOnlyForDeploymentPostprocessing = 0;
		};
		DEEF6AFC19094F8B00A2CD8C /* Frameworks */ = {
			isa = PBXFrameworksBuildPhase;
			buildActionMask = 2147483647;
			files = (
				DEEF6B0119094F8B00A2CD8C /* XCTest.framework in Frameworks */,
				DEEF6B0319094F8B00A2CD8C /* UIKit.framework in Frameworks */,
				DEEF6B0219094F8B00A2CD8C /* Foundation.framework in Frameworks */,
			);
			runOnlyForDeploymentPostprocessing = 0;
		};
/* End PBXFrameworksBuildPhase section */

/* Begin PBXGroup section */
		143389A41AF0F86B0006641D /* images */ = {
			isa = PBXGroup;
			children = (
				D1CB5F1A1AE180070017EE4A /* Process.png */,
				D1CB5F1B1AE180070017EE4A /* Process@2x.png */,
				D1CB5F131AE166680017EE4A /* Star_tabbar.png */,
				D1CB5F141AE166680017EE4A /* Star_tabbar@2x.png */,
				D1CEABBF1AE15F58002EF615 /* Search.png */,
				D1CEABC01AE15F58002EF615 /* Search@2x.png */,
				D1CEABC11AE15F58002EF615 /* Settings.png */,
				D1CEABC21AE15F58002EF615 /* Settings@2x.png */,
				D1CEABC31AE15F58002EF615 /* Star.png */,
				D1CEABC41AE15F58002EF615 /* Star@2x.png */,
				D1E7C2E11ADFE30700E8D5E4 /* Error.png */,
				D1E7C2E21ADFE30700E8D5E4 /* Error@2x.png */,
				D1E7C2E31ADFE30700E8D5E4 /* Success.png */,
				D1E7C2E41ADFE30700E8D5E4 /* Success@2x.png */,
				D1E7C2EB1ADFE77D00E8D5E4 /* Unstar.png */,
				D1E7C2EC1ADFE77D00E8D5E4 /* Unstar@2x.png */,
			);
			name = images;
			sourceTree = "<group>";
		};
		210BED2B1918D83400A8E690 /* TestJSONBuilder */ = {
			isa = PBXGroup;
			children = (
				21277BCD19190036005FB7FD /* TestJSONBuilderGetLogin.m */,
				210BED2C1918D85000A8E690 /* TestJSONBuilderGetRequest.m */,
				210BED2E1918DCD500A8E690 /* TestJSONBuilderGetLogout.m */,
				210BED321918E32900A8E690 /* TestJSONBuilderGetSearch.m */,
				21277BCB1918E67C005FB7FD /* testJSONBuilderGetConversionJSON.m */,
				21277BCF19190095005FB7FD /* testJSONBuilderTestAvailableAnnotations.m */,
			);
			name = TestJSONBuilder;
			sourceTree = "<group>";
		};
		642DEB81192F3615002234CD /* Process */ = {
			isa = PBXGroup;
			children = (
				6453DD181924D4E400DDCA2D /* ProcessTableViewCell.h */,
				6453DD191924D4E400DDCA2D /* ProcessTableViewCell.m */,
				6453DD151924D4CC00DDCA2D /* ProcessViewController.h */,
				6453DD161924D4CC00DDCA2D /* ProcessViewController.m */,
			);
			name = Process;
			sourceTree = "<group>";
		};
		642DEB82192F363D002234CD /* Convert */ = {
			isa = PBXGroup;
			children = (
				641BC92C191CC827000E5254 /* RawConvertViewController.h */,
				641BC92D191CC827000E5254 /* RawConvertViewController.m */,
				1446F6681AF790A100BBD3B0 /* ConvertFormatTableViewController.h */,
				1446F6691AF790A100BBD3B0 /* ConvertFormatTableViewController.m */,
				14EC5A101AFA0541005EF4FB /* ConvertFormatTableViewCell.h */,
				14EC5A111AFA0541005EF4FB /* ConvertFormatTableViewCell.m */,
			);
			name = Convert;
			sourceTree = "<group>";
		};
		642DEB83192F367A002234CD /* ServerConnetion */ = {
			isa = PBXGroup;
			children = (
				76E2DA9D190E96C90048069D /* JSONBuilder.h */,
				76E2DA9E190E96C90048069D /* JSONBuilder.m */,
				6484A2F2190E8F160071BB23 /* ServerConnection.h */,
				6484A2F3190E8F160071BB23 /* ServerConnection.m */,
			);
			name = ServerConnetion;
			sourceTree = "<group>";
		};
		642DEB84192F36A4002234CD /* More */ = {
			isa = PBXGroup;
			children = (
				649778EC191119FB000FD14F /* MoreViewController.h */,
				649778ED191119FB000FD14F /* MoreViewController.m */,
			);
			name = More;
			sourceTree = "<group>";
		};
		DE25D7FE1910D6A00084BDDC /* Utilities */ = {
			isa = PBXGroup;
			children = (
				DE25D8041910E1500084BDDC /* ExperimentDescriber.h */,
				DE25D8051910E1500084BDDC /* ExperimentDescriber.m */,
				21BFD1D9191B6A2A00F8E02F /* PopupGenerator.h */,
				21BFD1DA191B6A2A00F8E02F /* PopupGenerator.m */,
				DED0346F1923AD1B00E9EAF1 /* PubMedBuilder.h */,
				DED034701923AD1B00E9EAF1 /* PubMedBuilder.m */,
				DE6BC230192DE61400B6D7AD /* FileHandler.h */,
				DE6BC231192DE61400B6D7AD /* FileHandler.m */,
			);
			name = Utilities;
			sourceTree = "<group>";
		};
		DE7C9C2219235F2A004A2492 /* DataHolders */ = {
			isa = PBXGroup;
			children = (
				76F638D6190FD99200F0F4BF /* Experiment.h */,
				76F638D7190FD99300F0F4BF /* Experiment.m */,
				76F638D9190FDD9D00F0F4BF /* ExperimentFile.h */,
				76F638DA190FDD9D00F0F4BF /* ExperimentFile.m */,
				2173DFC31929F1EA0040A336 /* ProcessStatusDescriptor.h */,
				2173DFC41929F1EA0040A336 /* ProcessStatusDescriptor.m */,
				DE7C9C2319235F6C004A2492 /* Annotation.h */,
				DE7C9C2419235F6C004A2492 /* Annotation.m */,
				DEB9EBE11929F83E00BD051B /* FileContainer.h */,
				DEB9EBE21929F83E00BD051B /* FileContainer.m */,
			);
			name = DataHolders;
			sourceTree = "<group>";
		};
		DED12296190E9C2F00D8E530 /* SearchResult */ = {
			isa = PBXGroup;
			children = (
				DE9A3EEC1918CAA100F7C33B /* AnnotationTableViewCell.h */,
				DE9A3EED1918CAA100F7C33B /* AnnotationTableViewCell.m */,
				DE9A3EF11918CB4600F7C33B /* AnnotationTableViewController.h */,
				DE9A3EF21918CB4600F7C33B /* AnnotationTableViewController.m */,
				DE25D7FF1910D72A0084BDDC /* DataFileViewController.h */,
				DE25D8001910D72A0084BDDC /* DataFileViewController.m */,
				D1FD6E361ADFDD8D00676BED /* DataFileTableViewCell.h */,
				D1FD6E371ADFDD8D00676BED /* DataFileTableViewCell.m */,
				DED12281190E966200D8E530 /* SearchResultTableViewCell.h */,
				DED12282190E966200D8E530 /* SearchResultTableViewCell.m */,
				DED12284190E966200D8E530 /* SearchResultTableViewController.h */,
				DED12285190E966200D8E530 /* SearchResultTableViewController.m */,
				649778E91910EC9D000FD14F /* ExperimentParser.h */,
				649778EA1910EC9D000FD14F /* ExperimentParser.m */,
			);
			name = SearchResult;
			sourceTree = "<group>";
		};
		DED12297190E9C5700D8E530 /* Search */ = {
			isa = PBXGroup;
			children = (
				DED12287190E966200D8E530 /* SearchTableViewCell.h */,
				DED12288190E966200D8E530 /* SearchTableViewCell.m */,
				DE403ACB190A8A3E003D21F5 /* SearchViewController.h */,
				DE403ACC190A8A3E003D21F5 /* SearchViewController.m */,
				D13459091AE0FF6D004EDF31 /* AdvancedSearchView.h */,
				D134590A1AE0FF6D004EDF31 /* AdvancedSearchView.m */,
			);
			name = Search;
			sourceTree = "<group>";
		};
		DED12298190E9C7400D8E530 /* SelectedFiles */ = {
			isa = PBXGroup;
			children = (
				DED1228A190E966200D8E530 /* SelectedFilesViewController.h */,
				DED1228B190E966200D8E530 /* SelectedFilesViewController.m */,
				DE032D70191BCDC4006AC257 /* SelectTaskTableViewController.h */,
				DE032D71191BCDC4006AC257 /* SelectTaskTableViewController.m */,
			);
			name = SelectedFiles;
			sourceTree = "<group>";
		};
		DED12299190E9C8100D8E530 /* MainGUI */ = {
			isa = PBXGroup;
			children = (
				DEBD8BC01933835B005C5E19 /* ViewController.h */,
				DEBD8BC11933835B005C5E19 /* ViewController.m */,
				DEBD8BC319338594005C5E19 /* TableViewController.h */,
				DEBD8BC419338594005C5E19 /* TableViewController.m */,
				DEEF7D91190A55D1005EDB8E /* TabViewController.h */,
				DEEF7D92190A55D1005EDB8E /* TabViewController.m */,
				D116AEE61ADE5FAE00E8E997 /* AlertWindow.h */,
				D116AEE71ADE5FAE00E8E997 /* AlertWindow.m */,
				D1F6637A1ADD5F2E002DBE03 /* FileAboutView.h */,
				D1F6637B1ADD5F2E002DBE03 /* FileAboutView.m */,
				D1CEABBC1AE14EEC002EF615 /* TabBar2Controller.h */,
				D1CEABBD1AE14EEC002EF615 /* TabBar2Controller.m */,
				D1CB5F221AE1934D0017EE4A /* NavController.h */,
				D1CB5F231AE1934D0017EE4A /* NavController.m */,
				D1CB5F1E1AE1905E0017EE4A /* OptionsView.h */,
				D1CB5F1F1AE1905E0017EE4A /* OptionsView.m */,
			);
			name = MainGUI;
			sourceTree = "<group>";
		};
		DED1229A190E9C9100D8E530 /* LogIn */ = {
			isa = PBXGroup;
			children = (
				649483E41935C5AC00C646FE /* Reachability.h */,
				649483E51935C5AC00C646FE /* Reachability.m */,
				DEEF6B181909553C00A2CD8C /* LogInViewController.h */,
				DEEF6B191909553C00A2CD8C /* LogInViewController.m */,
			);
			name = LogIn;
			sourceTree = "<group>";
		};
		DEEF6ADB19094F8A00A2CD8C = {
			isa = PBXGroup;
			children = (
				DEEF6AED19094F8A00A2CD8C /* Genomizer */,
				DEEF6B0619094F8B00A2CD8C /* GenomizerTests */,
				DEEF6AE619094F8A00A2CD8C /* Frameworks */,
				DEEF6AE519094F8A00A2CD8C /* Products */,
			);
			sourceTree = "<group>";
		};
		DEEF6AE519094F8A00A2CD8C /* Products */ = {
			isa = PBXGroup;
			children = (
				DEEF6AE419094F8A00A2CD8C /* Genomizer.app */,
				DEEF6AFF19094F8B00A2CD8C /* GenomizerTests.xctest */,
			);
			name = Products;
			sourceTree = "<group>";
		};
		DEEF6AE619094F8A00A2CD8C /* Frameworks */ = {
			isa = PBXGroup;
			children = (
				649483D9193475D000C646FE /* SystemConfiguration.framework */,
				DEEF6AE719094F8A00A2CD8C /* Foundation.framework */,
				DEEF6AE919094F8A00A2CD8C /* CoreGraphics.framework */,
				DEEF6AEB19094F8A00A2CD8C /* UIKit.framework */,
				DEEF6B0019094F8B00A2CD8C /* XCTest.framework */,
			);
			name = Frameworks;
			sourceTree = "<group>";
		};
		DEEF6AED19094F8A00A2CD8C /* Genomizer */ = {
			isa = PBXGroup;
			children = (
				143389A41AF0F86B0006641D /* images */,
				DE7C9C2219235F2A004A2492 /* DataHolders */,
				642DEB83192F367A002234CD /* ServerConnetion */,
				DED1229A190E9C9100D8E530 /* LogIn */,
				DED12296190E9C2F00D8E530 /* SearchResult */,
				DED12297190E9C5700D8E530 /* Search */,
				DED12298190E9C7400D8E530 /* SelectedFiles */,
				642DEB81192F3615002234CD /* Process */,
				642DEB82192F363D002234CD /* Convert */,
				DED12299190E9C8100D8E530 /* MainGUI */,
				642DEB84192F36A4002234CD /* More */,
				DE25D7FE1910D6A00084BDDC /* Utilities */,
				DEEF6AF619094F8A00A2CD8C /* AppDelegate.h */,
				DEEF6AF719094F8A00A2CD8C /* AppDelegate.m */,
				DEEF6B1619094FA000A2CD8C /* Main.storyboard */,
				D15D17B61AE7900D00B65DFE /* LaunchScreen.xib */,
				DEEF6AF919094F8A00A2CD8C /* Images.xcassets */,
				DEEF6AEE19094F8A00A2CD8C /* Supporting Files */,
			);
			name = Genomizer;
			path = InLogger;
			sourceTree = "<group>";
		};
		DEEF6AEE19094F8A00A2CD8C /* Supporting Files */ = {
			isa = PBXGroup;
			children = (
				DEEF6AEF19094F8A00A2CD8C /* Genomizer-Info.plist */,
				DEEF6AF019094F8A00A2CD8C /* InfoPlist.strings */,
				DEEF6AF319094F8A00A2CD8C /* main.m */,
				DEEF6AF519094F8A00A2CD8C /* Genomizer-Prefix.pch */,
			);
			name = "Supporting Files";
			sourceTree = "<group>";
		};
		DEEF6B0619094F8B00A2CD8C /* GenomizerTests */ = {
			isa = PBXGroup;
			children = (
				CFE6F04B1AE1049600047985 /* testViewController.m */,
				2173DFC61929F2160040A336 /* TestProcessStatusDescriptor.m */,
				210BED2B1918D83400A8E690 /* TestJSONBuilder */,
				DE9A3EF81918CFDC00F7C33B /* TestExperimentDescriber.m */,
				DEEF6B0C19094F8B00A2CD8C /* InLoggerTests.m */,
				DEEF6B0719094F8B00A2CD8C /* Supporting Files */,
				DEF812901918D90A00A88173 /* TestExperiment.m */,
				DEF812921918DE1C00A88173 /* TestExperimentFile.m */,
				7624B1C3191A6B4400420EBE /* TestExperimentParser.m */,
				2114DA0D19235A3D002A88D9 /* TestServerConnection.m */,
				DE7C9C2619236044004A2492 /* TestAnnotation.m */,
				210C0795192DE30D005D78E6 /* TestAppDelegate.m */,
			);
			name = GenomizerTests;
			path = InLoggerTests;
			sourceTree = "<group>";
		};
		DEEF6B0719094F8B00A2CD8C /* Supporting Files */ = {
			isa = PBXGroup;
			children = (
				DEEF6B0819094F8B00A2CD8C /* GenomizerTests-Info.plist */,
				DEEF6B0919094F8B00A2CD8C /* InfoPlist.strings */,
			);
			name = "Supporting Files";
			sourceTree = "<group>";
		};
/* End PBXGroup section */

/* Begin PBXNativeTarget section */
		DEEF6AE319094F8A00A2CD8C /* Genomizer */ = {
			isa = PBXNativeTarget;
			buildConfigurationList = DEEF6B1019094F8B00A2CD8C /* Build configuration list for PBXNativeTarget "Genomizer" */;
			buildPhases = (
				DEEF6AE019094F8A00A2CD8C /* Sources */,
				DEEF6AE119094F8A00A2CD8C /* Frameworks */,
				DEEF6AE219094F8A00A2CD8C /* Resources */,
			);
			buildRules = (
			);
			dependencies = (
			);
			name = Genomizer;
			productName = InLogger;
			productReference = DEEF6AE419094F8A00A2CD8C /* Genomizer.app */;
			productType = "com.apple.product-type.application";
		};
		DEEF6AFE19094F8B00A2CD8C /* GenomizerTests */ = {
			isa = PBXNativeTarget;
			buildConfigurationList = DEEF6B1319094F8B00A2CD8C /* Build configuration list for PBXNativeTarget "GenomizerTests" */;
			buildPhases = (
				DEEF6AFB19094F8B00A2CD8C /* Sources */,
				DEEF6AFC19094F8B00A2CD8C /* Frameworks */,
				DEEF6AFD19094F8B00A2CD8C /* Resources */,
			);
			buildRules = (
			);
			dependencies = (
				DEEF6B0519094F8B00A2CD8C /* PBXTargetDependency */,
			);
			name = GenomizerTests;
			productName = InLoggerTests;
			productReference = DEEF6AFF19094F8B00A2CD8C /* GenomizerTests.xctest */;
			productType = "com.apple.product-type.bundle.unit-test";
		};
/* End PBXNativeTarget section */

/* Begin PBXProject section */
		DEEF6ADC19094F8A00A2CD8C /* Project object */ = {
			isa = PBXProject;
			attributes = {
				LastUpgradeCheck = 0510;
				ORGANIZATIONNAME = Mattias;
				TargetAttributes = {
					DEEF6AE319094F8A00A2CD8C = {
						DevelopmentTeam = 3LK2DRBJ29;
					};
					DEEF6AFE19094F8B00A2CD8C = {
						TestTargetID = DEEF6AE319094F8A00A2CD8C;
					};
				};
			};
			buildConfigurationList = DEEF6ADF19094F8A00A2CD8C /* Build configuration list for PBXProject "Genomizer" */;
			compatibilityVersion = "Xcode 6.3";
			developmentRegion = English;
			hasScannedForEncodings = 0;
			knownRegions = (
				en,
			);
			mainGroup = DEEF6ADB19094F8A00A2CD8C;
			productRefGroup = DEEF6AE519094F8A00A2CD8C /* Products */;
			projectDirPath = "";
			projectRoot = "";
			targets = (
				DEEF6AE319094F8A00A2CD8C /* Genomizer */,
				DEEF6AFE19094F8B00A2CD8C /* GenomizerTests */,
			);
		};
/* End PBXProject section */

/* Begin PBXResourcesBuildPhase section */
		DEEF6AE219094F8A00A2CD8C /* Resources */ = {
			isa = PBXResourcesBuildPhase;
			buildActionMask = 2147483647;
			files = (
				D1CEABC71AE15F58002EF615 /* Settings.png in Resources */,
				D1E7C2E61ADFE30700E8D5E4 /* Error@2x.png in Resources */,
				D1E7C2E71ADFE30700E8D5E4 /* Success.png in Resources */,
				DEEF6B1719094FA000A2CD8C /* Main.storyboard in Resources */,
				D1CB5F161AE166680017EE4A /* Star_tabbar@2x.png in Resources */,
				DEEF6AF219094F8A00A2CD8C /* InfoPlist.strings in Resources */,
				D1CB5F151AE166680017EE4A /* Star_tabbar.png in Resources */,
				D1CEABC91AE15F58002EF615 /* Star.png in Resources */,
				D1E7C2EF1ADFE77D00E8D5E4 /* Unstar.png in Resources */,
				D1E7C2E51ADFE30700E8D5E4 /* Error.png in Resources */,
				D1CEABCA1AE15F58002EF615 /* Star@2x.png in Resources */,
				D1CEABC81AE15F58002EF615 /* Settings@2x.png in Resources */,
				D1CEABC51AE15F58002EF615 /* Search.png in Resources */,
				D1CEABC61AE15F58002EF615 /* Search@2x.png in Resources */,
				D1CB5F1D1AE180070017EE4A /* Process@2x.png in Resources */,
				DEEF6AFA19094F8A00A2CD8C /* Images.xcassets in Resources */,
				D1CB5F1C1AE180070017EE4A /* Process.png in Resources */,
				D1E7C2E81ADFE30700E8D5E4 /* Success@2x.png in Resources */,
				D15D17B71AE7900D00B65DFE /* LaunchScreen.xib in Resources */,
				D1E7C2F01ADFE77D00E8D5E4 /* Unstar@2x.png in Resources */,
			);
			runOnlyForDeploymentPostprocessing = 0;
		};
		DEEF6AFD19094F8B00A2CD8C /* Resources */ = {
			isa = PBXResourcesBuildPhase;
			buildActionMask = 2147483647;
			files = (
				DEEF6B0B19094F8B00A2CD8C /* InfoPlist.strings in Resources */,
			);
			runOnlyForDeploymentPostprocessing = 0;
		};
/* End PBXResourcesBuildPhase section */

/* Begin PBXSourcesBuildPhase section */
		DEEF6AE019094F8A00A2CD8C /* Sources */ = {
			isa = PBXSourcesBuildPhase;
			buildActionMask = 2147483647;
			files = (
				D17107801ADFE0D5009CD177 /* DataFileTableViewCell.m in Sources */,
				21CFACF71935CC9A002112DD /* Reachability.m in Sources */,
				DE403ACD190A8A3E003D21F5 /* SearchViewController.m in Sources */,
				76E2DA9F190E96C90048069D /* JSONBuilder.m in Sources */,
				DED12290190E966200D8E530 /* SearchResultTableViewController.m in Sources */,
				6484A2F4190E8F160071BB23 /* ServerConnection.m in Sources */,
				DEEF7D94190A55D1005EDB8E /* TabViewController.m in Sources */,
				DEEF6AF819094F8A00A2CD8C /* AppDelegate.m in Sources */,
				DED12292190E966200D8E530 /* SearchTableViewCell.m in Sources */,
				D1F6637C1ADD5F2E002DBE03 /* FileAboutView.m in Sources */,
				D1CB5F201AE1905E0017EE4A /* OptionsView.m in Sources */,
				DED1228E190E966200D8E530 /* SearchResultTableViewCell.m in Sources */,
				D134590B1AE0FF6D004EDF31 /* AdvancedSearchView.m in Sources */,
				649778EF191119FB000FD14F /* MoreViewController.m in Sources */,
				DE9A3EEF1918CAA100F7C33B /* AnnotationTableViewCell.m in Sources */,
				DE25D8061910E1500084BDDC /* ExperimentDescriber.m in Sources */,
				2173DFC51929F1EA0040A336 /* ProcessStatusDescriptor.m in Sources */,
				DED12294190E966200D8E530 /* SelectedFilesViewController.m in Sources */,
				14EC5A121AFA0541005EF4FB /* ConvertFormatTableViewCell.m in Sources */,
				76F638DB190FDD9D00F0F4BF /* ExperimentFile.m in Sources */,
				6453DD171924D4CC00DDCA2D /* ProcessViewController.m in Sources */,
				D116AEE81ADE5FAE00E8E997 /* AlertWindow.m in Sources */,
				DE7C9C2519235F6C004A2492 /* Annotation.m in Sources */,
				D1CB5F241AE1934D0017EE4A /* NavController.m in Sources */,
				6453DD1A1924D4E400DDCA2D /* ProcessTableViewCell.m in Sources */,
				641BC92E191CC827000E5254 /* RawConvertViewController.m in Sources */,
				DE9A3EF41918CB4600F7C33B /* AnnotationTableViewController.m in Sources */,
				76F638D8190FD99300F0F4BF /* Experiment.m in Sources */,
				DEBD8BC519338594005C5E19 /* TableViewController.m in Sources */,
				DEBD8BC21933835B005C5E19 /* ViewController.m in Sources */,
				21BFD1DB191B6A2A00F8E02F /* PopupGenerator.m in Sources */,
				1446F66B1AF790A100BBD3B0 /* ConvertFormatTableViewController.m in Sources */,
				DEEF6AF419094F8A00A2CD8C /* main.m in Sources */,
				DE25D8021910D72A0084BDDC /* DataFileViewController.m in Sources */,
				D1CEABBE1AE14EEC002EF615 /* TabBar2Controller.m in Sources */,
				649778EB1910EC9D000FD14F /* ExperimentParser.m in Sources */,
				DEB9EBE31929F83E00BD051B /* FileContainer.m in Sources */,
				DED034711923AD1B00E9EAF1 /* PubMedBuilder.m in Sources */,
				DE6BC232192DE61400B6D7AD /* FileHandler.m in Sources */,
				DEEF6B1B1909553C00A2CD8C /* LogInViewController.m in Sources */,
				DE032D72191BCDC4006AC257 /* SelectTaskTableViewController.m in Sources */,
			);
			runOnlyForDeploymentPostprocessing = 0;
		};
		DEEF6AFB19094F8B00A2CD8C /* Sources */ = {
			isa = PBXSourcesBuildPhase;
			buildActionMask = 2147483647;
			files = (
				DEF812911918D90A00A88173 /* TestExperiment.m in Sources */,
				7624B1C4191A6B4400420EBE /* TestExperimentParser.m in Sources */,
				DE9A3EF91918CFDC00F7C33B /* TestExperimentDescriber.m in Sources */,
				210BED2F1918DCD500A8E690 /* TestJSONBuilderGetLogout.m in Sources */,
				210BED2D1918D85000A8E690 /* TestJSONBuilderGetRequest.m in Sources */,
				21277BCE19190036005FB7FD /* TestJSONBuilderGetLogin.m in Sources */,
				21277BCC1918E67C005FB7FD /* testJSONBuilderGetConversionJSON.m in Sources */,
				210C0796192DE30D005D78E6 /* TestAppDelegate.m in Sources */,
				210BED331918E32900A8E690 /* TestJSONBuilderGetSearch.m in Sources */,
				DE7C9C2719236044004A2492 /* TestAnnotation.m in Sources */,
				DEEF6B0D19094F8B00A2CD8C /* InLoggerTests.m in Sources */,
				2173DFC71929F2160040A336 /* TestProcessStatusDescriptor.m in Sources */,
				21277BD019190095005FB7FD /* testJSONBuilderTestAvailableAnnotations.m in Sources */,
				2114DA0E19235A3D002A88D9 /* TestServerConnection.m in Sources */,
				CFE6F04C1AE1049600047985 /* testViewController.m in Sources */,
				DEF812931918DE1C00A88173 /* TestExperimentFile.m in Sources */,
			);
			runOnlyForDeploymentPostprocessing = 0;
		};
/* End PBXSourcesBuildPhase section */

/* Begin PBXTargetDependency section */
		DEEF6B0519094F8B00A2CD8C /* PBXTargetDependency */ = {
			isa = PBXTargetDependency;
			target = DEEF6AE319094F8A00A2CD8C /* Genomizer */;
			targetProxy = DEEF6B0419094F8B00A2CD8C /* PBXContainerItemProxy */;
		};
/* End PBXTargetDependency section */

/* Begin PBXVariantGroup section */
		DEEF6AF019094F8A00A2CD8C /* InfoPlist.strings */ = {
			isa = PBXVariantGroup;
			children = (
				DEEF6AF119094F8A00A2CD8C /* en */,
			);
			name = InfoPlist.strings;
			sourceTree = "<group>";
		};
		DEEF6B0919094F8B00A2CD8C /* InfoPlist.strings */ = {
			isa = PBXVariantGroup;
			children = (
				DEEF6B0A19094F8B00A2CD8C /* en */,
			);
			name = InfoPlist.strings;
			sourceTree = "<group>";
		};
/* End PBXVariantGroup section */

/* Begin XCBuildConfiguration section */
		DEEF6B0E19094F8B00A2CD8C /* Debug */ = {
			isa = XCBuildConfiguration;
			buildSettings = {
				ALWAYS_SEARCH_USER_PATHS = NO;
				CLANG_CXX_LANGUAGE_STANDARD = "gnu++0x";
				CLANG_CXX_LIBRARY = "libc++";
				CLANG_ENABLE_MODULES = YES;
				CLANG_ENABLE_OBJC_ARC = YES;
				CLANG_WARN_BOOL_CONVERSION = YES;
				CLANG_WARN_CONSTANT_CONVERSION = YES;
				CLANG_WARN_DIRECT_OBJC_ISA_USAGE = YES_ERROR;
				CLANG_WARN_EMPTY_BODY = YES;
				CLANG_WARN_ENUM_CONVERSION = YES;
				CLANG_WARN_INT_CONVERSION = YES;
				CLANG_WARN_OBJC_ROOT_CLASS = YES_ERROR;
				CLANG_WARN__DUPLICATE_METHOD_MATCH = YES;
				"CODE_SIGN_IDENTITY[sdk=iphoneos*]" = "iPhone Developer";
				COPY_PHASE_STRIP = NO;
				GCC_C_LANGUAGE_STANDARD = gnu99;
				GCC_DYNAMIC_NO_PIC = NO;
				GCC_OPTIMIZATION_LEVEL = 0;
				GCC_PREPROCESSOR_DEFINITIONS = (
					"DEBUG=1",
					"$(inherited)",
				);
				GCC_SYMBOLS_PRIVATE_EXTERN = NO;
				GCC_WARN_64_TO_32_BIT_CONVERSION = YES;
				GCC_WARN_ABOUT_RETURN_TYPE = YES_ERROR;
				GCC_WARN_UNDECLARED_SELECTOR = YES;
				GCC_WARN_UNINITIALIZED_AUTOS = YES_AGGRESSIVE;
				GCC_WARN_UNUSED_FUNCTION = YES;
				GCC_WARN_UNUSED_VARIABLE = YES;
				IPHONEOS_DEPLOYMENT_TARGET = 7.1;
				ONLY_ACTIVE_ARCH = YES;
				SDKROOT = iphoneos;
			};
			name = Debug;
		};
		DEEF6B0F19094F8B00A2CD8C /* Release */ = {
			isa = XCBuildConfiguration;
			buildSettings = {
				ALWAYS_SEARCH_USER_PATHS = NO;
				CLANG_CXX_LANGUAGE_STANDARD = "gnu++0x";
				CLANG_CXX_LIBRARY = "libc++";
				CLANG_ENABLE_MODULES = YES;
				CLANG_ENABLE_OBJC_ARC = YES;
				CLANG_WARN_BOOL_CONVERSION = YES;
				CLANG_WARN_CONSTANT_CONVERSION = YES;
				CLANG_WARN_DIRECT_OBJC_ISA_USAGE = YES_ERROR;
				CLANG_WARN_EMPTY_BODY = YES;
				CLANG_WARN_ENUM_CONVERSION = YES;
				CLANG_WARN_INT_CONVERSION = YES;
				CLANG_WARN_OBJC_ROOT_CLASS = YES_ERROR;
				CLANG_WARN__DUPLICATE_METHOD_MATCH = YES;
				"CODE_SIGN_IDENTITY[sdk=iphoneos*]" = "iPhone Developer";
				COPY_PHASE_STRIP = YES;
				ENABLE_NS_ASSERTIONS = NO;
				GCC_C_LANGUAGE_STANDARD = gnu99;
				GCC_WARN_64_TO_32_BIT_CONVERSION = YES;
				GCC_WARN_ABOUT_RETURN_TYPE = YES_ERROR;
				GCC_WARN_UNDECLARED_SELECTOR = YES;
				GCC_WARN_UNINITIALIZED_AUTOS = YES_AGGRESSIVE;
				GCC_WARN_UNUSED_FUNCTION = YES;
				GCC_WARN_UNUSED_VARIABLE = YES;
				IPHONEOS_DEPLOYMENT_TARGET = 7.1;
				SDKROOT = iphoneos;
				VALIDATE_PRODUCT = YES;
			};
			name = Release;
		};
		DEEF6B1119094F8B00A2CD8C /* Debug */ = {
			isa = XCBuildConfiguration;
			buildSettings = {
				ASSETCATALOG_COMPILER_APPICON_NAME = AppIcon;
				ASSETCATALOG_COMPILER_LAUNCHIMAGE_NAME = LaunchImage;
				CLANG_ENABLE_MODULES = YES;
				CLANG_ENABLE_OBJC_ARC = YES;
				CODE_SIGN_IDENTITY = "iPhone Developer";
				"CODE_SIGN_IDENTITY[sdk=iphoneos*]" = "iPhone Developer";
				GCC_PRECOMPILE_PREFIX_HEADER = YES;
				GCC_PREFIX_HEADER = "InLogger/Genomizer-Prefix.pch";
				INFOPLIST_FILE = "InLogger/Genomizer-Info.plist";
				IPHONEOS_DEPLOYMENT_TARGET = 7.0;
				LD_RUNPATH_SEARCH_PATHS = "$(inherited) @executable_path/Frameworks";
				PRODUCT_NAME = Genomizer;
				PROVISIONING_PROFILE = "";
				SWIFT_OPTIMIZATION_LEVEL = "-Onone";
				TARGETED_DEVICE_FAMILY = 1;
				WRAPPER_EXTENSION = app;
			};
			name = Debug;
		};
		DEEF6B1219094F8B00A2CD8C /* Release */ = {
			isa = XCBuildConfiguration;
			buildSettings = {
				ASSETCATALOG_COMPILER_APPICON_NAME = AppIcon;
				ASSETCATALOG_COMPILER_LAUNCHIMAGE_NAME = LaunchImage;
				CLANG_ENABLE_MODULES = YES;
				CLANG_ENABLE_OBJC_ARC = YES;
				CODE_SIGN_IDENTITY = "iPhone Developer";
				"CODE_SIGN_IDENTITY[sdk=iphoneos*]" = "iPhone Developer";
				GCC_PRECOMPILE_PREFIX_HEADER = YES;
				GCC_PREFIX_HEADER = "InLogger/Genomizer-Prefix.pch";
				INFOPLIST_FILE = "InLogger/Genomizer-Info.plist";
				IPHONEOS_DEPLOYMENT_TARGET = 7.0;
				LD_RUNPATH_SEARCH_PATHS = "$(inherited) @executable_path/Frameworks";
				PRODUCT_NAME = Genomizer;
				PROVISIONING_PROFILE = "";
				TARGETED_DEVICE_FAMILY = 1;
				WRAPPER_EXTENSION = app;
			};
			name = Release;
		};
		DEEF6B1419094F8B00A2CD8C /* Debug */ = {
			isa = XCBuildConfiguration;
			buildSettings = {
				BUNDLE_LOADER = "$(BUILT_PRODUCTS_DIR)/Genomizer.app/Genomizer";
				FRAMEWORK_SEARCH_PATHS = (
					"$(SDKROOT)/Developer/Library/Frameworks",
					"$(inherited)",
					"$(DEVELOPER_FRAMEWORKS_DIR)",
				);
				GCC_PRECOMPILE_PREFIX_HEADER = YES;
				GCC_PREFIX_HEADER = "InLogger/Genomizer-Prefix.pch";
				GCC_PREPROCESSOR_DEFINITIONS = (
					"DEBUG=1",
					"$(inherited)",
				);
				INFOPLIST_FILE = "InLoggerTests/GenomizerTests-Info.plist";
				PRODUCT_NAME = GenomizerTests;
				TEST_HOST = "$(BUNDLE_LOADER)";
				WRAPPER_EXTENSION = xctest;
			};
			name = Debug;
		};
		DEEF6B1519094F8B00A2CD8C /* Release */ = {
			isa = XCBuildConfiguration;
			buildSettings = {
				BUNDLE_LOADER = "$(BUILT_PRODUCTS_DIR)/Genomizer.app/Genomizer";
				FRAMEWORK_SEARCH_PATHS = (
					"$(SDKROOT)/Developer/Library/Frameworks",
					"$(inherited)",
					"$(DEVELOPER_FRAMEWORKS_DIR)",
				);
				GCC_PRECOMPILE_PREFIX_HEADER = YES;
				GCC_PREFIX_HEADER = "InLogger/Genomizer-Prefix.pch";
				INFOPLIST_FILE = "InLoggerTests/GenomizerTests-Info.plist";
				PRODUCT_NAME = GenomizerTests;
				TEST_HOST = "$(BUNDLE_LOADER)";
				WRAPPER_EXTENSION = xctest;
			};
			name = Release;
		};
/* End XCBuildConfiguration section */

/* Begin XCConfigurationList section */
		DEEF6ADF19094F8A00A2CD8C /* Build configuration list for PBXProject "Genomizer" */ = {
			isa = XCConfigurationList;
			buildConfigurations = (
				DEEF6B0E19094F8B00A2CD8C /* Debug */,
				DEEF6B0F19094F8B00A2CD8C /* Release */,
			);
			defaultConfigurationIsVisible = 0;
			defaultConfigurationName = Release;
		};
		DEEF6B1019094F8B00A2CD8C /* Build configuration list for PBXNativeTarget "Genomizer" */ = {
			isa = XCConfigurationList;
			buildConfigurations = (
				DEEF6B1119094F8B00A2CD8C /* Debug */,
				DEEF6B1219094F8B00A2CD8C /* Release */,
			);
			defaultConfigurationIsVisible = 0;
			defaultConfigurationName = Release;
		};
		DEEF6B1319094F8B00A2CD8C /* Build configuration list for PBXNativeTarget "GenomizerTests" */ = {
			isa = XCConfigurationList;
			buildConfigurations = (
				DEEF6B1419094F8B00A2CD8C /* Debug */,
				DEEF6B1519094F8B00A2CD8C /* Release */,
			);
			defaultConfigurationIsVisible = 0;
			defaultConfigurationName = Release;
		};
/* End XCConfigurationList section */
	};
	rootObject = DEEF6ADC19094F8A00A2CD8C /* Project object */;
}
